
Microsoft Visual Studio Solution File, Format Version 12.00
# Visual Studio 2012
Project("{FAE04EC0-301F-11D3-BF4B-00C04F79EFBC}") = "PiggySync.Domain", "PiggySync.Domain\PiggySync.Domain.csproj", "{AF7679D0-A9DE-407F-AA79-46726C54F4A9}"
EndProject
Project("{FAE04EC0-301F-11D3-BF4B-00C04F79EFBC}") = "GUIOLD", "PiggySync.WinUI\GUIOLD.csproj", "{7ED262DF-9B80-4080-8593-7019B98B01AA}"
EndProject
Project("{FAE04EC0-301F-11D3-BF4B-00C04F79EFBC}") = "PiggySync.Core", "PiggySync.Core\PiggySync.Core.csproj", "{0C10E109-E52F-478C-8C9D-D5733CF12E98}"
EndProject
Project("{FAE04EC0-301F-11D3-BF4B-00C04F79EFBC}") = "PiggySync.Tests", "PiggySync.Tests\PiggySync.Tests.csproj", "{B564F8F1-CFC0-4109-834D-1777A9BA5706}"
EndProject
Project("{FAE04EC0-301F-11D3-BF4B-00C04F79EFBC}") = "PiggySync.MobileApp", "PiggySync.MobileApp\PiggySync.MobileApp.csproj", "{81DED26B-9521-40C7-B4F2-86B877CB550E}"
EndProject
Project("{FAE04EC0-301F-11D3-BF4B-00C04F79EFBC}") = "PiggySync.DesktopFileWather", "PiggySync.DesktopFileWather\PiggySync.DesktopFileWather.csproj", "{3E68EA85-423E-4FBA-A702-F02C0ECBC2FC}"
EndProject
Project("{FAE04EC0-301F-11D3-BF4B-00C04F79EFBC}") = "PiggySync.AndroidFileWatcher", "PiggySync.AndroidFileWatcher\PiggySync.AndroidFileWatcher.csproj", "{52EDFDF7-47AA-4B86-9D4B-D324D18E7201}"
EndProject
Project("{FAE04EC0-301F-11D3-BF4B-00C04F79EFBC}") = "PiggySync.MacApp", "PiggySync.MacApp\PiggySync.MacApp.csproj", "{2CF6D888-9DA2-4D32-A96D-6002F0FFED19}"
EndProject
Project("{FAE04EC0-301F-11D3-BF4B-00C04F79EFBC}") = "PiggySync.GtkGui", "PiggySync.GtkGui\PiggySync.GtkGui.csproj", "{2E02DDCB-C2E6-470F-92D5-A9811CEFF743}"
EndProject
Project("{FAE04EC0-301F-11D3-BF4B-00C04F79EFBC}") = "PiggySync.DatabaseManager", "PiggySync.DatabaseManager\PiggySync.DatabaseManager.csproj", "{6DE2C405-95EB-4B82-A68C-6BC5BC8DCD66}"
EndProject
Project("{FAE04EC0-301F-11D3-BF4B-00C04F79EFBC}") = "PiggySync.LogManager", "PiggySync.LogManager\PiggySync.LogManager.csproj", "{19804015-C118-4438-9DB8-90E904F26840}"
EndProject
Global
	GlobalSection(SolutionConfigurationPlatforms) = preSolution
		Ad-Hoc|Any CPU = Ad-Hoc|Any CPU
		Ad-Hoc|iPhone = Ad-Hoc|iPhone
		Ad-Hoc|iPhoneSimulator = Ad-Hoc|iPhoneSimulator
		AppStore|Any CPU = AppStore|Any CPU
		AppStore|iPhone = AppStore|iPhone
		AppStore|iPhoneSimulator = AppStore|iPhoneSimulator
		Debug|Any CPU = Debug|Any CPU
		Debug|iPhone = Debug|iPhone
		Debug|iPhoneSimulator = Debug|iPhoneSimulator
		Default|Any CPU = Default|Any CPU
		Default|iPhone = Default|iPhone
		Default|iPhoneSimulator = Default|iPhoneSimulator
		Release|Any CPU = Release|Any CPU
		Release|iPhone = Release|iPhone
		Release|iPhoneSimulator = Release|iPhoneSimulator
	EndGlobalSection
	GlobalSection(ProjectConfigurationPlatforms) = postSolution
		{0C10E109-E52F-478C-8C9D-D5733CF12E98}.Ad-Hoc|Any CPU.ActiveCfg = Release|Any CPU
		{0C10E109-E52F-478C-8C9D-D5733CF12E98}.Ad-Hoc|Any CPU.Build.0 = Release|Any CPU
		{0C10E109-E52F-478C-8C9D-D5733CF12E98}.Ad-Hoc|iPhone.ActiveCfg = Debug|Any CPU
		{0C10E109-E52F-478C-8C9D-D5733CF12E98}.Ad-Hoc|iPhone.Build.0 = Debug|Any CPU
		{0C10E109-E52F-478C-8C9D-D5733CF12E98}.Ad-Hoc|iPhoneSimulator.ActiveCfg = Release|Any CPU
		{0C10E109-E52F-478C-8C9D-D5733CF12E98}.AppStore|Any CPU.ActiveCfg = Release|Any CPU
		{0C10E109-E52F-478C-8C9D-D5733CF12E98}.AppStore|Any CPU.Build.0 = Release|Any CPU
		{0C10E109-E52F-478C-8C9D-D5733CF12E98}.AppStore|iPhone.ActiveCfg = Debug|Any CPU
		{0C10E109-E52F-478C-8C9D-D5733CF12E98}.AppStore|iPhone.Build.0 = Debug|Any CPU
		{0C10E109-E52F-478C-8C9D-D5733CF12E98}.AppStore|iPhoneSimulator.ActiveCfg = Release|Any CPU
		{0C10E109-E52F-478C-8C9D-D5733CF12E98}.Debug|Any CPU.ActiveCfg = Debug|Any CPU
		{0C10E109-E52F-478C-8C9D-D5733CF12E98}.Debug|Any CPU.Build.0 = Debug|Any CPU
		{0C10E109-E52F-478C-8C9D-D5733CF12E98}.Debug|iPhone.ActiveCfg = Debug|Any CPU
		{0C10E109-E52F-478C-8C9D-D5733CF12E98}.Debug|iPhone.Build.0 = Debug|Any CPU
		{0C10E109-E52F-478C-8C9D-D5733CF12E98}.Debug|iPhoneSimulator.ActiveCfg = Debug|Any CPU
		{0C10E109-E52F-478C-8C9D-D5733CF12E98}.Debug|iPhoneSimulator.Build.0 = Debug|Any CPU
		{0C10E109-E52F-478C-8C9D-D5733CF12E98}.Default|Any CPU.ActiveCfg = Debug|Any CPU
		{0C10E109-E52F-478C-8C9D-D5733CF12E98}.Default|Any CPU.Build.0 = Debug|Any CPU
		{0C10E109-E52F-478C-8C9D-D5733CF12E98}.Default|iPhone.ActiveCfg = Debug|Any CPU
		{0C10E109-E52F-478C-8C9D-D5733CF12E98}.Default|iPhoneSimulator.ActiveCfg = Debug|Any CPU
		{0C10E109-E52F-478C-8C9D-D5733CF12E98}.Release|Any CPU.ActiveCfg = Release|Any CPU
		{0C10E109-E52F-478C-8C9D-D5733CF12E98}.Release|Any CPU.Build.0 = Release|Any CPU
		{0C10E109-E52F-478C-8C9D-D5733CF12E98}.Release|iPhone.ActiveCfg = Release|Any CPU
		{0C10E109-E52F-478C-8C9D-D5733CF12E98}.Release|iPhone.Build.0 = Release|Any CPU
		{0C10E109-E52F-478C-8C9D-D5733CF12E98}.Release|iPhoneSimulator.ActiveCfg = Release|Any CPU
		{0C10E109-E52F-478C-8C9D-D5733CF12E98}.Release|iPhoneSimulator.Build.0 = Release|Any CPU
		{19804015-C118-4438-9DB8-90E904F26840}.Ad-Hoc|Any CPU.ActiveCfg = Release|Any CPU
		{19804015-C118-4438-9DB8-90E904F26840}.Ad-Hoc|Any CPU.Build.0 = Release|Any CPU
		{19804015-C118-4438-9DB8-90E904F26840}.Ad-Hoc|iPhone.ActiveCfg = Debug|Any CPU
		{19804015-C118-4438-9DB8-90E904F26840}.Ad-Hoc|iPhone.Build.0 = Debug|Any CPU
		{19804015-C118-4438-9DB8-90E904F26840}.Ad-Hoc|iPhoneSimulator.ActiveCfg = Release|Any CPU
		{19804015-C118-4438-9DB8-90E904F26840}.Ad-Hoc|iPhoneSimulator.Build.0 = Release|Any CPU
		{19804015-C118-4438-9DB8-90E904F26840}.AppStore|Any CPU.ActiveCfg = Release|Any CPU
		{19804015-C118-4438-9DB8-90E904F26840}.AppStore|Any CPU.Build.0 = Release|Any CPU
		{19804015-C118-4438-9DB8-90E904F26840}.AppStore|iPhone.ActiveCfg = Debug|Any CPU
		{19804015-C118-4438-9DB8-90E904F26840}.AppStore|iPhone.Build.0 = Debug|Any CPU
		{19804015-C118-4438-9DB8-90E904F26840}.AppStore|iPhoneSimulator.ActiveCfg = Release|Any CPU
		{19804015-C118-4438-9DB8-90E904F26840}.AppStore|iPhoneSimulator.Build.0 = Release|Any CPU
		{19804015-C118-4438-9DB8-90E904F26840}.Debug|Any CPU.ActiveCfg = Debug|Any CPU
		{19804015-C118-4438-9DB8-90E904F26840}.Debug|Any CPU.Build.0 = Debug|Any CPU
		{19804015-C118-4438-9DB8-90E904F26840}.Debug|iPhone.ActiveCfg = Debug|Any CPU
		{19804015-C118-4438-9DB8-90E904F26840}.Debug|iPhone.Build.0 = Debug|Any CPU
		{19804015-C118-4438-9DB8-90E904F26840}.Debug|iPhoneSimulator.ActiveCfg = Debug|Any CPU
		{19804015-C118-4438-9DB8-90E904F26840}.Debug|iPhoneSimulator.Build.0 = Debug|Any CPU
		{19804015-C118-4438-9DB8-90E904F26840}.Default|Any CPU.ActiveCfg = Debug|Any CPU
		{19804015-C118-4438-9DB8-90E904F26840}.Default|Any CPU.Build.0 = Debug|Any CPU
		{19804015-C118-4438-9DB8-90E904F26840}.Default|iPhone.ActiveCfg = Debug|Any CPU
		{19804015-C118-4438-9DB8-90E904F26840}.Default|iPhone.Build.0 = Debug|Any CPU
		{19804015-C118-4438-9DB8-90E904F26840}.Default|iPhoneSimulator.ActiveCfg = Debug|Any CPU
		{19804015-C118-4438-9DB8-90E904F26840}.Default|iPhoneSimulator.Build.0 = Debug|Any CPU
		{19804015-C118-4438-9DB8-90E904F26840}.Release|Any CPU.ActiveCfg = Release|Any CPU
		{19804015-C118-4438-9DB8-90E904F26840}.Release|Any CPU.Build.0 = Release|Any CPU
		{19804015-C118-4438-9DB8-90E904F26840}.Release|iPhone.ActiveCfg = Release|Any CPU
		{19804015-C118-4438-9DB8-90E904F26840}.Release|iPhone.Build.0 = Release|Any CPU
		{19804015-C118-4438-9DB8-90E904F26840}.Release|iPhoneSimulator.ActiveCfg = Release|Any CPU
		{19804015-C118-4438-9DB8-90E904F26840}.Release|iPhoneSimulator.Build.0 = Release|Any CPU
		{2CF6D888-9DA2-4D32-A96D-6002F0FFED19}.Ad-Hoc|Any CPU.ActiveCfg = Release|Any CPU
		{2CF6D888-9DA2-4D32-A96D-6002F0FFED19}.Ad-Hoc|Any CPU.Build.0 = Release|Any CPU
		{2CF6D888-9DA2-4D32-A96D-6002F0FFED19}.Ad-Hoc|iPhone.ActiveCfg = Debug|Any CPU
		{2CF6D888-9DA2-4D32-A96D-6002F0FFED19}.Ad-Hoc|iPhone.Build.0 = Debug|Any CPU
		{2CF6D888-9DA2-4D32-A96D-6002F0FFED19}.Ad-Hoc|iPhoneSimulator.ActiveCfg = Release|Any CPU
		{2CF6D888-9DA2-4D32-A96D-6002F0FFED19}.Ad-Hoc|iPhoneSimulator.Build.0 = Release|Any CPU
		{2CF6D888-9DA2-4D32-A96D-6002F0FFED19}.AppStore|Any CPU.ActiveCfg = AppStore|Any CPU
		{2CF6D888-9DA2-4D32-A96D-6002F0FFED19}.AppStore|Any CPU.Build.0 = AppStore|Any CPU
		{2CF6D888-9DA2-4D32-A96D-6002F0FFED19}.AppStore|iPhone.ActiveCfg = AppStore|Any CPU
		{2CF6D888-9DA2-4D32-A96D-6002F0FFED19}.AppStore|iPhone.Build.0 = AppStore|Any CPU
		{2CF6D888-9DA2-4D32-A96D-6002F0FFED19}.AppStore|iPhoneSimulator.ActiveCfg = AppStore|Any CPU
		{2CF6D888-9DA2-4D32-A96D-6002F0FFED19}.AppStore|iPhoneSimulator.Build.0 = AppStore|Any CPU
		{2CF6D888-9DA2-4D32-A96D-6002F0FFED19}.Debug|Any CPU.ActiveCfg = Debug|Any CPU
		{2CF6D888-9DA2-4D32-A96D-6002F0FFED19}.Debug|Any CPU.Build.0 = Debug|Any CPU
		{2CF6D888-9DA2-4D32-A96D-6002F0FFED19}.Debug|iPhone.ActiveCfg = Debug|Any CPU
		{2CF6D888-9DA2-4D32-A96D-6002F0FFED19}.Debug|iPhone.Build.0 = Debug|Any CPU
		{2CF6D888-9DA2-4D32-A96D-6002F0FFED19}.Debug|iPhoneSimulator.ActiveCfg = Debug|Any CPU
		{2CF6D888-9DA2-4D32-A96D-6002F0FFED19}.Debug|iPhoneSimulator.Build.0 = Debug|Any CPU
		{2CF6D888-9DA2-4D32-A96D-6002F0FFED19}.Default|Any CPU.ActiveCfg = Debug|Any CPU
		{2CF6D888-9DA2-4D32-A96D-6002F0FFED19}.Default|Any CPU.Build.0 = Debug|Any CPU
		{2CF6D888-9DA2-4D32-A96D-6002F0FFED19}.Default|iPhone.ActiveCfg = Debug|Any CPU
		{2CF6D888-9DA2-4D32-A96D-6002F0FFED19}.Default|iPhone.Build.0 = Debug|Any CPU
		{2CF6D888-9DA2-4D32-A96D-6002F0FFED19}.Default|iPhoneSimulator.ActiveCfg = Debug|Any CPU
		{2CF6D888-9DA2-4D32-A96D-6002F0FFED19}.Default|iPhoneSimulator.Build.0 = Debug|Any CPU
		{2CF6D888-9DA2-4D32-A96D-6002F0FFED19}.Release|Any CPU.ActiveCfg = Release|Any CPU
		{2CF6D888-9DA2-4D32-A96D-6002F0FFED19}.Release|Any CPU.Build.0 = Release|Any CPU
		{2CF6D888-9DA2-4D32-A96D-6002F0FFED19}.Release|iPhone.ActiveCfg = Release|Any CPU
		{2CF6D888-9DA2-4D32-A96D-6002F0FFED19}.Release|iPhone.Build.0 = Release|Any CPU
		{2CF6D888-9DA2-4D32-A96D-6002F0FFED19}.Release|iPhoneSimulator.ActiveCfg = Release|Any CPU
		{2CF6D888-9DA2-4D32-A96D-6002F0FFED19}.Release|iPhoneSimulator.Build.0 = Release|Any CPU
		{2E02DDCB-C2E6-470F-92D5-A9811CEFF743}.Ad-Hoc|Any CPU.ActiveCfg = Release|Any CPU
		{2E02DDCB-C2E6-470F-92D5-A9811CEFF743}.Ad-Hoc|Any CPU.Build.0 = Release|Any CPU
		{2E02DDCB-C2E6-470F-92D5-A9811CEFF743}.Ad-Hoc|iPhone.ActiveCfg = Debug|Any CPU
		{2E02DDCB-C2E6-470F-92D5-A9811CEFF743}.Ad-Hoc|iPhone.Build.0 = Debug|Any CPU
		{2E02DDCB-C2E6-470F-92D5-A9811CEFF743}.Ad-Hoc|iPhoneSimulator.ActiveCfg = Release|Any CPU
		{2E02DDCB-C2E6-470F-92D5-A9811CEFF743}.Ad-Hoc|iPhoneSimulator.Build.0 = Release|Any CPU
		{2E02DDCB-C2E6-470F-92D5-A9811CEFF743}.AppStore|Any CPU.ActiveCfg = Release|Any CPU
		{2E02DDCB-C2E6-470F-92D5-A9811CEFF743}.AppStore|Any CPU.Build.0 = Release|Any CPU
		{2E02DDCB-C2E6-470F-92D5-A9811CEFF743}.AppStore|iPhone.ActiveCfg = Debug|Any CPU
		{2E02DDCB-C2E6-470F-92D5-A9811CEFF743}.AppStore|iPhone.Build.0 = Debug|Any CPU
		{2E02DDCB-C2E6-470F-92D5-A9811CEFF743}.AppStore|iPhoneSimulator.ActiveCfg = Release|Any CPU
		{2E02DDCB-C2E6-470F-92D5-A9811CEFF743}.AppStore|iPhoneSimulator.Build.0 = Release|Any CPU
		{2E02DDCB-C2E6-470F-92D5-A9811CEFF743}.Debug|Any CPU.ActiveCfg = Debug|Any CPU
		{2E02DDCB-C2E6-470F-92D5-A9811CEFF743}.Debug|Any CPU.Build.0 = Debug|Any CPU
		{2E02DDCB-C2E6-470F-92D5-A9811CEFF743}.Debug|iPhone.ActiveCfg = Debug|Any CPU
		{2E02DDCB-C2E6-470F-92D5-A9811CEFF743}.Debug|iPhone.Build.0 = Debug|Any CPU
		{2E02DDCB-C2E6-470F-92D5-A9811CEFF743}.Debug|iPhoneSimulator.ActiveCfg = Debug|Any CPU
		{2E02DDCB-C2E6-470F-92D5-A9811CEFF743}.Debug|iPhoneSimulator.Build.0 = Debug|Any CPU
		{2E02DDCB-C2E6-470F-92D5-A9811CEFF743}.Default|Any CPU.ActiveCfg = Debug|Any CPU
		{2E02DDCB-C2E6-470F-92D5-A9811CEFF743}.Default|Any CPU.Build.0 = Debug|Any CPU
		{2E02DDCB-C2E6-470F-92D5-A9811CEFF743}.Default|iPhone.ActiveCfg = Debug|Any CPU
		{2E02DDCB-C2E6-470F-92D5-A9811CEFF743}.Default|iPhone.Build.0 = Debug|Any CPU
		{2E02DDCB-C2E6-470F-92D5-A9811CEFF743}.Default|iPhoneSimulator.ActiveCfg = Debug|Any CPU
		{2E02DDCB-C2E6-470F-92D5-A9811CEFF743}.Default|iPhoneSimulator.Build.0 = Debug|Any CPU
		{2E02DDCB-C2E6-470F-92D5-A9811CEFF743}.Release|Any CPU.ActiveCfg = Release|Any CPU
		{2E02DDCB-C2E6-470F-92D5-A9811CEFF743}.Release|Any CPU.Build.0 = Release|Any CPU
		{2E02DDCB-C2E6-470F-92D5-A9811CEFF743}.Release|iPhone.ActiveCfg = Release|Any CPU
		{2E02DDCB-C2E6-470F-92D5-A9811CEFF743}.Release|iPhone.Build.0 = Release|Any CPU
		{2E02DDCB-C2E6-470F-92D5-A9811CEFF743}.Release|iPhoneSimulator.ActiveCfg = Release|Any CPU
		{2E02DDCB-C2E6-470F-92D5-A9811CEFF743}.Release|iPhoneSimulator.Build.0 = Release|Any CPU
		{3E68EA85-423E-4FBA-A702-F02C0ECBC2FC}.Ad-Hoc|Any CPU.ActiveCfg = Release|Any CPU
		{3E68EA85-423E-4FBA-A702-F02C0ECBC2FC}.Ad-Hoc|Any CPU.Build.0 = Release|Any CPU
		{3E68EA85-423E-4FBA-A702-F02C0ECBC2FC}.Ad-Hoc|iPhone.ActiveCfg = Debug|Any CPU
		{3E68EA85-423E-4FBA-A702-F02C0ECBC2FC}.Ad-Hoc|iPhone.Build.0 = Debug|Any CPU
		{3E68EA85-423E-4FBA-A702-F02C0ECBC2FC}.Ad-Hoc|iPhoneSimulator.ActiveCfg = Release|Any CPU
		{3E68EA85-423E-4FBA-A702-F02C0ECBC2FC}.Ad-Hoc|iPhoneSimulator.Build.0 = Release|Any CPU
		{3E68EA85-423E-4FBA-A702-F02C0ECBC2FC}.AppStore|Any CPU.ActiveCfg = Release|Any CPU
		{3E68EA85-423E-4FBA-A702-F02C0ECBC2FC}.AppStore|Any CPU.Build.0 = Release|Any CPU
		{3E68EA85-423E-4FBA-A702-F02C0ECBC2FC}.AppStore|iPhone.ActiveCfg = Debug|Any CPU
		{3E68EA85-423E-4FBA-A702-F02C0ECBC2FC}.AppStore|iPhone.Build.0 = Debug|Any CPU
		{3E68EA85-423E-4FBA-A702-F02C0ECBC2FC}.AppStore|iPhoneSimulator.ActiveCfg = Release|Any CPU
		{3E68EA85-423E-4FBA-A702-F02C0ECBC2FC}.AppStore|iPhoneSimulator.Build.0 = Release|Any CPU
		{3E68EA85-423E-4FBA-A702-F02C0ECBC2FC}.Debug|Any CPU.ActiveCfg = Debug|Any CPU
		{3E68EA85-423E-4FBA-A702-F02C0ECBC2FC}.Debug|Any CPU.Build.0 = Debug|Any CPU
		{3E68EA85-423E-4FBA-A702-F02C0ECBC2FC}.Debug|iPhone.ActiveCfg = Debug|Any CPU
		{3E68EA85-423E-4FBA-A702-F02C0ECBC2FC}.Debug|iPhone.Build.0 = Debug|Any CPU
		{3E68EA85-423E-4FBA-A702-F02C0ECBC2FC}.Debug|iPhoneSimulator.ActiveCfg = Debug|Any CPU
		{3E68EA85-423E-4FBA-A702-F02C0ECBC2FC}.Debug|iPhoneSimulator.Build.0 = Debug|Any CPU
		{3E68EA85-423E-4FBA-A702-F02C0ECBC2FC}.Default|Any CPU.ActiveCfg = Debug|Any CPU
		{3E68EA85-423E-4FBA-A702-F02C0ECBC2FC}.Default|Any CPU.Build.0 = Debug|Any CPU
		{3E68EA85-423E-4FBA-A702-F02C0ECBC2FC}.Default|iPhone.ActiveCfg = Debug|Any CPU
		{3E68EA85-423E-4FBA-A702-F02C0ECBC2FC}.Default|iPhone.Build.0 = Debug|Any CPU
		{3E68EA85-423E-4FBA-A702-F02C0ECBC2FC}.Default|iPhoneSimulator.ActiveCfg = Debug|Any CPU
		{3E68EA85-423E-4FBA-A702-F02C0ECBC2FC}.Default|iPhoneSimulator.Build.0 = Debug|Any CPU
		{3E68EA85-423E-4FBA-A702-F02C0ECBC2FC}.Release|Any CPU.ActiveCfg = Release|Any CPU
		{3E68EA85-423E-4FBA-A702-F02C0ECBC2FC}.Release|Any CPU.Build.0 = Release|Any CPU
		{3E68EA85-423E-4FBA-A702-F02C0ECBC2FC}.Release|iPhone.ActiveCfg = Release|Any CPU
		{3E68EA85-423E-4FBA-A702-F02C0ECBC2FC}.Release|iPhone.Build.0 = Release|Any CPU
		{3E68EA85-423E-4FBA-A702-F02C0ECBC2FC}.Release|iPhoneSimulator.ActiveCfg = Release|Any CPU
		{3E68EA85-423E-4FBA-A702-F02C0ECBC2FC}.Release|iPhoneSimulator.Build.0 = Release|Any CPU
		{52EDFDF7-47AA-4B86-9D4B-D324D18E7201}.Ad-Hoc|Any CPU.ActiveCfg = Release|Any CPU
		{52EDFDF7-47AA-4B86-9D4B-D324D18E7201}.Ad-Hoc|Any CPU.Build.0 = Release|Any CPU
		{52EDFDF7-47AA-4B86-9D4B-D324D18E7201}.Ad-Hoc|iPhone.ActiveCfg = Debug|Any CPU
		{52EDFDF7-47AA-4B86-9D4B-D324D18E7201}.Ad-Hoc|iPhone.Build.0 = Debug|Any CPU
		{52EDFDF7-47AA-4B86-9D4B-D324D18E7201}.Ad-Hoc|iPhoneSimulator.ActiveCfg = Release|Any CPU
		{52EDFDF7-47AA-4B86-9D4B-D324D18E7201}.Ad-Hoc|iPhoneSimulator.Build.0 = Release|Any CPU
		{52EDFDF7-47AA-4B86-9D4B-D324D18E7201}.AppStore|Any CPU.ActiveCfg = Release|Any CPU
		{52EDFDF7-47AA-4B86-9D4B-D324D18E7201}.AppStore|Any CPU.Build.0 = Release|Any CPU
		{52EDFDF7-47AA-4B86-9D4B-D324D18E7201}.AppStore|iPhone.ActiveCfg = Debug|Any CPU
		{52EDFDF7-47AA-4B86-9D4B-D324D18E7201}.AppStore|iPhone.Build.0 = Debug|Any CPU
		{52EDFDF7-47AA-4B86-9D4B-D324D18E7201}.AppStore|iPhoneSimulator.ActiveCfg = Release|Any CPU
		{52EDFDF7-47AA-4B86-9D4B-D324D18E7201}.AppStore|iPhoneSimulator.Build.0 = Release|Any CPU
		{52EDFDF7-47AA-4B86-9D4B-D324D18E7201}.Debug|Any CPU.ActiveCfg = Debug|Any CPU
		{52EDFDF7-47AA-4B86-9D4B-D324D18E7201}.Debug|Any CPU.Build.0 = Debug|Any CPU
		{52EDFDF7-47AA-4B86-9D4B-D324D18E7201}.Debug|iPhone.ActiveCfg = Debug|Any CPU
		{52EDFDF7-47AA-4B86-9D4B-D324D18E7201}.Debug|iPhone.Build.0 = Debug|Any CPU
		{52EDFDF7-47AA-4B86-9D4B-D324D18E7201}.Debug|iPhoneSimulator.ActiveCfg = Debug|Any CPU
		{52EDFDF7-47AA-4B86-9D4B-D324D18E7201}.Debug|iPhoneSimulator.Build.0 = Debug|Any CPU
		{52EDFDF7-47AA-4B86-9D4B-D324D18E7201}.Default|Any CPU.ActiveCfg = Debug|Any CPU
		{52EDFDF7-47AA-4B86-9D4B-D324D18E7201}.Default|Any CPU.Build.0 = Debug|Any CPU
		{52EDFDF7-47AA-4B86-9D4B-D324D18E7201}.Default|iPhone.ActiveCfg = Debug|Any CPU
		{52EDFDF7-47AA-4B86-9D4B-D324D18E7201}.Default|iPhone.Build.0 = Debug|Any CPU
		{52EDFDF7-47AA-4B86-9D4B-D324D18E7201}.Default|iPhoneSimulator.ActiveCfg = Debug|Any CPU
		{52EDFDF7-47AA-4B86-9D4B-D324D18E7201}.Default|iPhoneSimulator.Build.0 = Debug|Any CPU
		{52EDFDF7-47AA-4B86-9D4B-D324D18E7201}.Release|Any CPU.ActiveCfg = Release|Any CPU
		{52EDFDF7-47AA-4B86-9D4B-D324D18E7201}.Release|Any CPU.Build.0 = Release|Any CPU
		{52EDFDF7-47AA-4B86-9D4B-D324D18E7201}.Release|iPhone.ActiveCfg = Release|Any CPU
		{52EDFDF7-47AA-4B86-9D4B-D324D18E7201}.Release|iPhone.Build.0 = Release|Any CPU
		{52EDFDF7-47AA-4B86-9D4B-D324D18E7201}.Release|iPhoneSimulator.ActiveCfg = Release|Any CPU
		{52EDFDF7-47AA-4B86-9D4B-D324D18E7201}.Release|iPhoneSimulator.Build.0 = Release|Any CPU
		{6DE2C405-95EB-4B82-A68C-6BC5BC8DCD66}.Ad-Hoc|Any CPU.ActiveCfg = Release|Any CPU
		{6DE2C405-95EB-4B82-A68C-6BC5BC8DCD66}.Ad-Hoc|Any CPU.Build.0 = Release|Any CPU
		{6DE2C405-95EB-4B82-A68C-6BC5BC8DCD66}.Ad-Hoc|iPhone.ActiveCfg = Debug|Any CPU
		{6DE2C405-95EB-4B82-A68C-6BC5BC8DCD66}.Ad-Hoc|iPhone.Build.0 = Debug|Any CPU
		{6DE2C405-95EB-4B82-A68C-6BC5BC8DCD66}.Ad-Hoc|iPhoneSimulator.ActiveCfg = Release|Any CPU
		{6DE2C405-95EB-4B82-A68C-6BC5BC8DCD66}.Ad-Hoc|iPhoneSimulator.Build.0 = Release|Any CPU
		{6DE2C405-95EB-4B82-A68C-6BC5BC8DCD66}.AppStore|Any CPU.ActiveCfg = Release|Any CPU
		{6DE2C405-95EB-4B82-A68C-6BC5BC8DCD66}.AppStore|Any CPU.Build.0 = Release|Any CPU
		{6DE2C405-95EB-4B82-A68C-6BC5BC8DCD66}.AppStore|iPhone.ActiveCfg = Debug|Any CPU
		{6DE2C405-95EB-4B82-A68C-6BC5BC8DCD66}.AppStore|iPhone.Build.0 = Debug|Any CPU
		{6DE2C405-95EB-4B82-A68C-6BC5BC8DCD66}.AppStore|iPhoneSimulator.ActiveCfg = Release|Any CPU
		{6DE2C405-95EB-4B82-A68C-6BC5BC8DCD66}.AppStore|iPhoneSimulator.Build.0 = Release|Any CPU
		{6DE2C405-95EB-4B82-A68C-6BC5BC8DCD66}.Debug|Any CPU.ActiveCfg = Debug|Any CPU
		{6DE2C405-95EB-4B82-A68C-6BC5BC8DCD66}.Debug|Any CPU.Build.0 = Debug|Any CPU
		{6DE2C405-95EB-4B82-A68C-6BC5BC8DCD66}.Debug|iPhone.ActiveCfg = Debug|Any CPU
		{6DE2C405-95EB-4B82-A68C-6BC5BC8DCD66}.Debug|iPhone.Build.0 = Debug|Any CPU
		{6DE2C405-95EB-4B82-A68C-6BC5BC8DCD66}.Debug|iPhoneSimulator.ActiveCfg = Debug|Any CPU
		{6DE2C405-95EB-4B82-A68C-6BC5BC8DCD66}.Debug|iPhoneSimulator.Build.0 = Debug|Any CPU
		{6DE2C405-95EB-4B82-A68C-6BC5BC8DCD66}.Default|Any CPU.ActiveCfg = Debug|Any CPU
		{6DE2C405-95EB-4B82-A68C-6BC5BC8DCD66}.Default|Any CPU.Build.0 = Debug|Any CPU
		{6DE2C405-95EB-4B82-A68C-6BC5BC8DCD66}.Default|iPhone.ActiveCfg = Debug|Any CPU
		{6DE2C405-95EB-4B82-A68C-6BC5BC8DCD66}.Default|iPhone.Build.0 = Debug|Any CPU
		{6DE2C405-95EB-4B82-A68C-6BC5BC8DCD66}.Default|iPhoneSimulator.ActiveCfg = Debug|Any CPU
		{6DE2C405-95EB-4B82-A68C-6BC5BC8DCD66}.Default|iPhoneSimulator.Build.0 = Debug|Any CPU
		{6DE2C405-95EB-4B82-A68C-6BC5BC8DCD66}.Release|Any CPU.ActiveCfg = Release|Any CPU
		{6DE2C405-95EB-4B82-A68C-6BC5BC8DCD66}.Release|Any CPU.Build.0 = Release|Any CPU
		{6DE2C405-95EB-4B82-A68C-6BC5BC8DCD66}.Release|iPhone.ActiveCfg = Release|Any CPU
		{6DE2C405-95EB-4B82-A68C-6BC5BC8DCD66}.Release|iPhone.Build.0 = Release|Any CPU
		{6DE2C405-95EB-4B82-A68C-6BC5BC8DCD66}.Release|iPhoneSimulator.ActiveCfg = Release|Any CPU
		{6DE2C405-95EB-4B82-A68C-6BC5BC8DCD66}.Release|iPhoneSimulator.Build.0 = Release|Any CPU
		{7ED262DF-9B80-4080-8593-7019B98B01AA}.Ad-Hoc|Any CPU.ActiveCfg = Release|Any CPU
		{7ED262DF-9B80-4080-8593-7019B98B01AA}.Ad-Hoc|Any CPU.Build.0 = Release|Any CPU
		{7ED262DF-9B80-4080-8593-7019B98B01AA}.Ad-Hoc|iPhone.ActiveCfg = Debug|Any CPU
		{7ED262DF-9B80-4080-8593-7019B98B01AA}.Ad-Hoc|iPhone.Build.0 = Debug|Any CPU
		{7ED262DF-9B80-4080-8593-7019B98B01AA}.Ad-Hoc|iPhoneSimulator.ActiveCfg = Release|Any CPU
		{7ED262DF-9B80-4080-8593-7019B98B01AA}.AppStore|Any CPU.ActiveCfg = Release|Any CPU
		{7ED262DF-9B80-4080-8593-7019B98B01AA}.AppStore|Any CPU.Build.0 = Release|Any CPU
		{7ED262DF-9B80-4080-8593-7019B98B01AA}.AppStore|iPhone.ActiveCfg = Debug|Any CPU
		{7ED262DF-9B80-4080-8593-7019B98B01AA}.AppStore|iPhone.Build.0 = Debug|Any CPU
		{7ED262DF-9B80-4080-8593-7019B98B01AA}.AppStore|iPhoneSimulator.ActiveCfg = Release|Any CPU
		{7ED262DF-9B80-4080-8593-7019B98B01AA}.Debug|Any CPU.ActiveCfg = Debug|Any CPU
		{7ED262DF-9B80-4080-8593-7019B98B01AA}.Debug|Any CPU.Build.0 = Debug|Any CPU
		{7ED262DF-9B80-4080-8593-7019B98B01AA}.Debug|iPhone.ActiveCfg = Debug|Any CPU
		{7ED262DF-9B80-4080-8593-7019B98B01AA}.Debug|iPhone.Build.0 = Debug|Any CPU
		{7ED262DF-9B80-4080-8593-7019B98B01AA}.Debug|iPhoneSimulator.ActiveCfg = Debug|Any CPU
		{7ED262DF-9B80-4080-8593-7019B98B01AA}.Debug|iPhoneSimulator.Build.0 = Debug|Any CPU
		{7ED262DF-9B80-4080-8593-7019B98B01AA}.Default|Any CPU.ActiveCfg = Debug|Any CPU
		{7ED262DF-9B80-4080-8593-7019B98B01AA}.Default|Any CPU.Build.0 = Debug|Any CPU
		{7ED262DF-9B80-4080-8593-7019B98B01AA}.Default|iPhone.ActiveCfg = Debug|Any CPU
		{7ED262DF-9B80-4080-8593-7019B98B01AA}.Default|iPhoneSimulator.ActiveCfg = Debug|Any CPU
		{7ED262DF-9B80-4080-8593-7019B98B01AA}.Release|Any CPU.ActiveCfg = Release|Any CPU
		{7ED262DF-9B80-4080-8593-7019B98B01AA}.Release|Any CPU.Build.0 = Release|Any CPU
		{7ED262DF-9B80-4080-8593-7019B98B01AA}.Release|iPhone.ActiveCfg = Release|Any CPU
		{7ED262DF-9B80-4080-8593-7019B98B01AA}.Release|iPhone.Build.0 = Release|Any CPU
		{7ED262DF-9B80-4080-8593-7019B98B01AA}.Release|iPhoneSimulator.ActiveCfg = Release|Any CPU
		{7ED262DF-9B80-4080-8593-7019B98B01AA}.Release|iPhoneSimulator.Build.0 = Release|Any CPU
		{81DED26B-9521-40C7-B4F2-86B877CB550E}.Ad-Hoc|Any CPU.ActiveCfg = Release|Any CPU
		{81DED26B-9521-40C7-B4F2-86B877CB550E}.Ad-Hoc|iPhone.ActiveCfg = Debug|Any CPU
		{81DED26B-9521-40C7-B4F2-86B877CB550E}.Ad-Hoc|iPhone.Build.0 = Debug|Any CPU
		{81DED26B-9521-40C7-B4F2-86B877CB550E}.Ad-Hoc|iPhoneSimulator.ActiveCfg = Release|Any CPU
		{81DED26B-9521-40C7-B4F2-86B877CB550E}.AppStore|Any CPU.ActiveCfg = Release|Any CPU
		{81DED26B-9521-40C7-B4F2-86B877CB550E}.AppStore|iPhone.ActiveCfg = Debug|Any CPU
		{81DED26B-9521-40C7-B4F2-86B877CB550E}.AppStore|iPhone.Build.0 = Debug|Any CPU
		{81DED26B-9521-40C7-B4F2-86B877CB550E}.AppStore|iPhoneSimulator.ActiveCfg = Release|Any CPU
		{81DED26B-9521-40C7-B4F2-86B877CB550E}.Debug|Any CPU.ActiveCfg = Debug|Any CPU
		{81DED26B-9521-40C7-B4F2-86B877CB550E}.Debug|Any CPU.Build.0 = Debug|Any CPU
		{81DED26B-9521-40C7-B4F2-86B877CB550E}.Debug|iPhone.ActiveCfg = Debug|Any CPU
		{81DED26B-9521-40C7-B4F2-86B877CB550E}.Debug|iPhone.Build.0 = Debug|Any CPU
		{81DED26B-9521-40C7-B4F2-86B877CB550E}.Debug|iPhoneSimulator.ActiveCfg = Debug|Any CPU
		{81DED26B-9521-40C7-B4F2-86B877CB550E}.Debug|iPhoneSimulator.Build.0 = Debug|Any CPU
		{81DED26B-9521-40C7-B4F2-86B877CB550E}.Default|Any CPU.ActiveCfg = Debug|Any CPU
		{81DED26B-9521-40C7-B4F2-86B877CB550E}.Default|Any CPU.Build.0 = Debug|Any CPU
		{81DED26B-9521-40C7-B4F2-86B877CB550E}.Default|iPhone.ActiveCfg = Debug|Any CPU
		{81DED26B-9521-40C7-B4F2-86B877CB550E}.Default|iPhoneSimulator.ActiveCfg = Debug|Any CPU
		{81DED26B-9521-40C7-B4F2-86B877CB550E}.Release|Any CPU.ActiveCfg = Release|Any CPU
		{81DED26B-9521-40C7-B4F2-86B877CB550E}.Release|Any CPU.Build.0 = Release|Any CPU
		{81DED26B-9521-40C7-B4F2-86B877CB550E}.Release|iPhone.ActiveCfg = Release|Any CPU
		{81DED26B-9521-40C7-B4F2-86B877CB550E}.Release|iPhone.Build.0 = Release|Any CPU
		{81DED26B-9521-40C7-B4F2-86B877CB550E}.Release|iPhoneSimulator.ActiveCfg = Release|Any CPU
		{81DED26B-9521-40C7-B4F2-86B877CB550E}.Release|iPhoneSimulator.Build.0 = Release|Any CPU
		{AF7679D0-A9DE-407F-AA79-46726C54F4A9}.Ad-Hoc|Any CPU.ActiveCfg = Release|Any CPU
		{AF7679D0-A9DE-407F-AA79-46726C54F4A9}.Ad-Hoc|Any CPU.Build.0 = Release|Any CPU
		{AF7679D0-A9DE-407F-AA79-46726C54F4A9}.Ad-Hoc|iPhone.ActiveCfg = Debug|Any CPU
		{AF7679D0-A9DE-407F-AA79-46726C54F4A9}.Ad-Hoc|iPhone.Build.0 = Debug|Any CPU
		{AF7679D0-A9DE-407F-AA79-46726C54F4A9}.Ad-Hoc|iPhoneSimulator.ActiveCfg = Release|Any CPU
		{AF7679D0-A9DE-407F-AA79-46726C54F4A9}.AppStore|Any CPU.ActiveCfg = Release|Any CPU
		{AF7679D0-A9DE-407F-AA79-46726C54F4A9}.AppStore|Any CPU.Build.0 = Release|Any CPU
		{AF7679D0-A9DE-407F-AA79-46726C54F4A9}.AppStore|iPhone.ActiveCfg = Debug|Any CPU
		{AF7679D0-A9DE-407F-AA79-46726C54F4A9}.AppStore|iPhone.Build.0 = Debug|Any CPU
		{AF7679D0-A9DE-407F-AA79-46726C54F4A9}.AppStore|iPhoneSimulator.ActiveCfg = Release|Any CPU
		{AF7679D0-A9DE-407F-AA79-46726C54F4A9}.Debug|Any CPU.ActiveCfg = Debug|Any CPU
		{AF7679D0-A9DE-407F-AA79-46726C54F4A9}.Debug|Any CPU.Build.0 = Debug|Any CPU
		{AF7679D0-A9DE-407F-AA79-46726C54F4A9}.Debug|iPhone.ActiveCfg = Debug|Any CPU
		{AF7679D0-A9DE-407F-AA79-46726C54F4A9}.Debug|iPhone.Build.0 = Debug|Any CPU
		{AF7679D0-A9DE-407F-AA79-46726C54F4A9}.Debug|iPhoneSimulator.ActiveCfg = Debug|Any CPU
		{AF7679D0-A9DE-407F-AA79-46726C54F4A9}.Debug|iPhoneSimulator.Build.0 = Debug|Any CPU
		{AF7679D0-A9DE-407F-AA79-46726C54F4A9}.Default|Any CPU.ActiveCfg = Debug|Any CPU
		{AF7679D0-A9DE-407F-AA79-46726C54F4A9}.Default|Any CPU.Build.0 = Debug|Any CPU
		{AF7679D0-A9DE-407F-AA79-46726C54F4A9}.Default|iPhone.ActiveCfg = Debug|Any CPU
		{AF7679D0-A9DE-407F-AA79-46726C54F4A9}.Default|iPhoneSimulator.ActiveCfg = Debug|Any CPU
		{AF7679D0-A9DE-407F-AA79-46726C54F4A9}.Release|Any CPU.ActiveCfg = Release|Any CPU
		{AF7679D0-A9DE-407F-AA79-46726C54F4A9}.Release|Any CPU.Build.0 = Release|Any CPU
		{AF7679D0-A9DE-407F-AA79-46726C54F4A9}.Release|iPhone.ActiveCfg = Release|Any CPU
		{AF7679D0-A9DE-407F-AA79-46726C54F4A9}.Release|iPhone.Build.0 = Release|Any CPU
		{AF7679D0-A9DE-407F-AA79-46726C54F4A9}.Release|iPhoneSimulator.ActiveCfg = Release|Any CPU
		{AF7679D0-A9DE-407F-AA79-46726C54F4A9}.Release|iPhoneSimulator.Build.0 = Release|Any CPU
		{B564F8F1-CFC0-4109-834D-1777A9BA5706}.Ad-Hoc|Any CPU.ActiveCfg = Release|Any CPU
		{B564F8F1-CFC0-4109-834D-1777A9BA5706}.Ad-Hoc|iPhone.ActiveCfg = Debug|Any CPU
		{B564F8F1-CFC0-4109-834D-1777A9BA5706}.Ad-Hoc|iPhone.Build.0 = Debug|Any CPU
		{B564F8F1-CFC0-4109-834D-1777A9BA5706}.Ad-Hoc|iPhoneSimulator.ActiveCfg = Release|Any CPU
		{B564F8F1-CFC0-4109-834D-1777A9BA5706}.AppStore|Any CPU.ActiveCfg = Release|Any CPU
		{B564F8F1-CFC0-4109-834D-1777A9BA5706}.AppStore|iPhone.ActiveCfg = Debug|Any CPU
		{B564F8F1-CFC0-4109-834D-1777A9BA5706}.AppStore|iPhone.Build.0 = Debug|Any CPU
		{B564F8F1-CFC0-4109-834D-1777A9BA5706}.AppStore|iPhoneSimulator.ActiveCfg = Release|Any CPU
		{B564F8F1-CFC0-4109-834D-1777A9BA5706}.Debug|Any CPU.ActiveCfg = Debug|Any CPU
		{B564F8F1-CFC0-4109-834D-1777A9BA5706}.Debug|Any CPU.Build.0 = Debug|Any CPU
		{B564F8F1-CFC0-4109-834D-1777A9BA5706}.Debug|iPhone.ActiveCfg = Debug|Any CPU
		{B564F8F1-CFC0-4109-834D-1777A9BA5706}.Debug|iPhone.Build.0 = Debug|Any CPU
		{B564F8F1-CFC0-4109-834D-1777A9BA5706}.Debug|iPhoneSimulator.ActiveCfg = Debug|Any CPU
		{B564F8F1-CFC0-4109-834D-1777A9BA5706}.Debug|iPhoneSimulator.Build.0 = Debug|Any CPU
		{B564F8F1-CFC0-4109-834D-1777A9BA5706}.Default|Any CPU.ActiveCfg = Debug|Any CPU
		{B564F8F1-CFC0-4109-834D-1777A9BA5706}.Default|Any CPU.Build.0 = Debug|Any CPU
		{B564F8F1-CFC0-4109-834D-1777A9BA5706}.Default|iPhone.ActiveCfg = Debug|Any CPU
		{B564F8F1-CFC0-4109-834D-1777A9BA5706}.Default|iPhoneSimulator.ActiveCfg = Debug|Any CPU
		{B564F8F1-CFC0-4109-834D-1777A9BA5706}.Release|Any CPU.ActiveCfg = Release|Any CPU
		{B564F8F1-CFC0-4109-834D-1777A9BA5706}.Release|Any CPU.Build.0 = Release|Any CPU
		{B564F8F1-CFC0-4109-834D-1777A9BA5706}.Release|iPhone.ActiveCfg = Release|Any CPU
		{B564F8F1-CFC0-4109-834D-1777A9BA5706}.Release|iPhone.Build.0 = Release|Any CPU
		{B564F8F1-CFC0-4109-834D-1777A9BA5706}.Release|iPhoneSimulator.ActiveCfg = Release|Any CPU
		{B564F8F1-CFC0-4109-834D-1777A9BA5706}.Release|iPhoneSimulator.Build.0 = Release|Any CPU
	EndGlobalSection
	GlobalSection(MonoDevelopProperties) = preSolution
		StartupItem = PiggySync.WinUI\GUIOLD.csproj
	EndGlobalSection
	GlobalSection(SolutionProperties) = preSolution
		HideSolutionNode = FALSE
	EndGlobalSection
	GlobalSection(Performance) = preSolution
		HasPerformanceSessions = true
	EndGlobalSection
EndGlobal
