
Microsoft Visual Studio Solution File, Format Version 12.00
# Visual Studio 2012
VisualStudioVersion = 12.0.31101.0
MinimumVisualStudioVersion = 10.0.40219.1
Project("{2150E333-8FDC-42A3-9474-1A3956D46DE8}") = "Common", "Common", "{35F8BF07-ECB3-438C-84B7-ACF67847700E}"
EndProject
Project("{FAE04EC0-301F-11D3-BF4B-00C04F79EFBC}") = "PiggySync.Common", "PiggySync.Common\PiggySync.Common.csproj", "{9DDDE951-7DB6-43CA-A603-8A4384AEEA5E}"
EndProject
Project("{FAE04EC0-301F-11D3-BF4B-00C04F79EFBC}") = "PiggySync.Core", "PiggySync.Core\PiggySync.Core.csproj", "{0C10E109-E52F-478C-8C9D-D5733CF12E98}"
EndProject
Project("{FAE04EC0-301F-11D3-BF4B-00C04F79EFBC}") = "PiggySync.Domain", "PiggySync.Domain\PiggySync.Domain.csproj", "{AF7679D0-A9DE-407F-AA79-46726C54F4A9}"
EndProject
Project("{FAE04EC0-301F-11D3-BF4B-00C04F79EFBC}") = "PiggySync.LogManager", "PiggySync.LogManager\PiggySync.LogManager.csproj", "{19804015-C118-4438-9DB8-90E904F26840}"
EndProject
Project("{FAE04EC0-301F-11D3-BF4B-00C04F79EFBC}") = "PiggySync.Model", "PiggySync.Model\PiggySync.Model.csproj", "{C39A8E5D-9878-4197-9AA1-495C598CA036}"
EndProject
Project("{FAE04EC0-301F-11D3-BF4B-00C04F79EFBC}") = "PiggySync.Tests", "PiggySync.Tests\PiggySync.Tests.csproj", "{B564F8F1-CFC0-4109-834D-1777A9BA5706}"
EndProject
Project("{FAE04EC0-301F-11D3-BF4B-00C04F79EFBC}") = "PiggySync.FileMerger", "PiggySync.FileMerger\PiggySync.FileMerger.csproj", "{3296F3DE-89D1-4B00-8031-E17A62AFD039}"
EndProject
Project("{D954291E-2A0B-460D-934E-DC6B0785DB48}") = "PiggySync.GuiShared", "PiggySync.GuiShared\PiggySync.GuiShared.shproj", "{67CE0F66-29EE-4083-BE1D-4D32352C7BCB}"
EndProject
Project("{2150E333-8FDC-42A3-9474-1A3956D46DE8}") = "Platforms", "Platforms", "{05BDF4B4-02A5-407A-AAF2-87DE3AAFBBB7}"
EndProject
Project("{2150E333-8FDC-42A3-9474-1A3956D46DE8}") = "Desktop", "Desktop", "{ACF10DC9-CAA4-4A24-884E-A0EEFB221F95}"
EndProject
Project("{FAE04EC0-301F-11D3-BF4B-00C04F79EFBC}") = "PiggySync.DesktopFileWather", "PiggySync.DesktopFileWather\PiggySync.DesktopFileWather.csproj", "{3E68EA85-423E-4FBA-A702-F02C0ECBC2FC}"
EndProject
Project("{FAE04EC0-301F-11D3-BF4B-00C04F79EFBC}") = "PiggySync.MonoMacGui", "PiggySync.MonoMacGui\PiggySync.MonoMacGui.csproj", "{7A860653-AD24-4505-94A2-39BF81925C5E}"
EndProject
Project("{FAE04EC0-301F-11D3-BF4B-00C04F79EFBC}") = "PiggySync.WinApp", "PiggySync.WinApp\PiggySync.WinApp.csproj", "{565DCE74-E600-4468-B92E-056CABC831DB}"
EndProject
Project("{FAE04EC0-301F-11D3-BF4B-00C04F79EFBC}") = "PiggySync.MergerTestWin", "PiggySync.MergerTestWin\PiggySync.MergerTestWin.csproj", "{1C676E36-1D6B-4584-8611-A1908A3AF68C}"
EndProject
Project("{2150E333-8FDC-42A3-9474-1A3956D46DE8}") = "Mobile", "Mobile", "{00DD8DB4-E43F-4F0B-A1BE-B970E5BA9235}"
EndProject
Project("{FAE04EC0-301F-11D3-BF4B-00C04F79EFBC}") = "PiggySync.AndroidFileWatcher", "PiggySync.AndroidFileWatcher\PiggySync.AndroidFileWatcher.csproj", "{52EDFDF7-47AA-4B86-9D4B-D324D18E7201}"
EndProject
Project("{FAE04EC0-301F-11D3-BF4B-00C04F79EFBC}") = "PiggySync.MobileApp", "PiggySync.MobileApp\PiggySync.MobileApp.csproj", "{81DED26B-9521-40C7-B4F2-86B877CB550E}"
EndProject
Project("{FAE04EC0-301F-11D3-BF4B-00C04F79EFBC}") = "PiggySync.IosApp", "PiggySync.IosApp\PiggySync.IosApp.csproj", "{B2AF6FEE-C652-47C9-8BD0-E03228335C8A}"
EndProject
Project("{FAE04EC0-301F-11D3-BF4B-00C04F79EFBC}") = "PiggySync.AndroidApp", "PiggySync.AndroidApp\PiggySync.AndroidApp.csproj", "{8204A504-96BC-47B3-93B5-4B5861762A47}"
EndProject
Global
	GlobalSection(SolutionConfigurationPlatforms) = preSolution
		Ad-Hoc|Any CPU = Ad-Hoc|Any CPU
		Ad-Hoc|iPhone = Ad-Hoc|iPhone
		Ad-Hoc|iPhoneSimulator = Ad-Hoc|iPhoneSimulator
		AppStore|Any CPU = AppStore|Any CPU
		AppStore|iPhone = AppStore|iPhone
		AppStore|iPhoneSimulator = AppStore|iPhoneSimulator
		Debug|Any CPU = Debug|Any CPU
		Debug|iPhone = Debug|iPhone
		Debug|iPhoneSimulator = Debug|iPhoneSimulator
		Default|Any CPU = Default|Any CPU
		Default|iPhone = Default|iPhone
		Default|iPhoneSimulator = Default|iPhoneSimulator
		Release|Any CPU = Release|Any CPU
		Release|iPhone = Release|iPhone
		Release|iPhoneSimulator = Release|iPhoneSimulator
	EndGlobalSection
	GlobalSection(ProjectConfigurationPlatforms) = postSolution
		{0C10E109-E52F-478C-8C9D-D5733CF12E98}.Ad-Hoc|Any CPU.ActiveCfg = Release|Any CPU
		{0C10E109-E52F-478C-8C9D-D5733CF12E98}.Ad-Hoc|Any CPU.Build.0 = Release|Any CPU
		{0C10E109-E52F-478C-8C9D-D5733CF12E98}.Ad-Hoc|iPhone.ActiveCfg = Debug|Any CPU
		{0C10E109-E52F-478C-8C9D-D5733CF12E98}.Ad-Hoc|iPhone.Build.0 = Debug|Any CPU
		{0C10E109-E52F-478C-8C9D-D5733CF12E98}.Ad-Hoc|iPhoneSimulator.ActiveCfg = Release|Any CPU
		{0C10E109-E52F-478C-8C9D-D5733CF12E98}.AppStore|Any CPU.ActiveCfg = Release|Any CPU
		{0C10E109-E52F-478C-8C9D-D5733CF12E98}.AppStore|Any CPU.Build.0 = Release|Any CPU
		{0C10E109-E52F-478C-8C9D-D5733CF12E98}.AppStore|iPhone.ActiveCfg = Debug|Any CPU
		{0C10E109-E52F-478C-8C9D-D5733CF12E98}.AppStore|iPhone.Build.0 = Debug|Any CPU
		{0C10E109-E52F-478C-8C9D-D5733CF12E98}.AppStore|iPhoneSimulator.ActiveCfg = Release|Any CPU
		{0C10E109-E52F-478C-8C9D-D5733CF12E98}.Debug|Any CPU.ActiveCfg = Debug|Any CPU
		{0C10E109-E52F-478C-8C9D-D5733CF12E98}.Debug|Any CPU.Build.0 = Debug|Any CPU
		{0C10E109-E52F-478C-8C9D-D5733CF12E98}.Debug|iPhone.ActiveCfg = Debug|Any CPU
		{0C10E109-E52F-478C-8C9D-D5733CF12E98}.Debug|iPhone.Build.0 = Debug|Any CPU
		{0C10E109-E52F-478C-8C9D-D5733CF12E98}.Debug|iPhoneSimulator.ActiveCfg = Debug|Any CPU
		{0C10E109-E52F-478C-8C9D-D5733CF12E98}.Debug|iPhoneSimulator.Build.0 = Debug|Any CPU
		{0C10E109-E52F-478C-8C9D-D5733CF12E98}.Default|Any CPU.ActiveCfg = Debug|Any CPU
		{0C10E109-E52F-478C-8C9D-D5733CF12E98}.Default|Any CPU.Build.0 = Debug|Any CPU
		{0C10E109-E52F-478C-8C9D-D5733CF12E98}.Default|iPhone.ActiveCfg = Debug|Any CPU
		{0C10E109-E52F-478C-8C9D-D5733CF12E98}.Default|iPhoneSimulator.ActiveCfg = Debug|Any CPU
		{0C10E109-E52F-478C-8C9D-D5733CF12E98}.Release|Any CPU.ActiveCfg = Release|Any CPU
		{0C10E109-E52F-478C-8C9D-D5733CF12E98}.Release|Any CPU.Build.0 = Release|Any CPU
		{0C10E109-E52F-478C-8C9D-D5733CF12E98}.Release|iPhone.ActiveCfg = Release|Any CPU
		{0C10E109-E52F-478C-8C9D-D5733CF12E98}.Release|iPhone.Build.0 = Release|Any CPU
		{0C10E109-E52F-478C-8C9D-D5733CF12E98}.Release|iPhoneSimulator.ActiveCfg = Release|Any CPU
		{0C10E109-E52F-478C-8C9D-D5733CF12E98}.Release|iPhoneSimulator.Build.0 = Release|Any CPU
		{19804015-C118-4438-9DB8-90E904F26840}.Ad-Hoc|Any CPU.ActiveCfg = Release|Any CPU
		{19804015-C118-4438-9DB8-90E904F26840}.Ad-Hoc|Any CPU.Build.0 = Release|Any CPU
		{19804015-C118-4438-9DB8-90E904F26840}.Ad-Hoc|iPhone.ActiveCfg = Debug|Any CPU
		{19804015-C118-4438-9DB8-90E904F26840}.Ad-Hoc|iPhone.Build.0 = Debug|Any CPU
		{19804015-C118-4438-9DB8-90E904F26840}.Ad-Hoc|iPhoneSimulator.ActiveCfg = Release|Any CPU
		{19804015-C118-4438-9DB8-90E904F26840}.Ad-Hoc|iPhoneSimulator.Build.0 = Release|Any CPU
		{19804015-C118-4438-9DB8-90E904F26840}.AppStore|Any CPU.ActiveCfg = Release|Any CPU
		{19804015-C118-4438-9DB8-90E904F26840}.AppStore|Any CPU.Build.0 = Release|Any CPU
		{19804015-C118-4438-9DB8-90E904F26840}.AppStore|iPhone.ActiveCfg = Debug|Any CPU
		{19804015-C118-4438-9DB8-90E904F26840}.AppStore|iPhone.Build.0 = Debug|Any CPU
		{19804015-C118-4438-9DB8-90E904F26840}.AppStore|iPhoneSimulator.ActiveCfg = Release|Any CPU
		{19804015-C118-4438-9DB8-90E904F26840}.AppStore|iPhoneSimulator.Build.0 = Release|Any CPU
		{19804015-C118-4438-9DB8-90E904F26840}.Debug|Any CPU.ActiveCfg = Debug|Any CPU
		{19804015-C118-4438-9DB8-90E904F26840}.Debug|Any CPU.Build.0 = Debug|Any CPU
		{19804015-C118-4438-9DB8-90E904F26840}.Debug|iPhone.ActiveCfg = Debug|Any CPU
		{19804015-C118-4438-9DB8-90E904F26840}.Debug|iPhone.Build.0 = Debug|Any CPU
		{19804015-C118-4438-9DB8-90E904F26840}.Debug|iPhoneSimulator.ActiveCfg = Debug|Any CPU
		{19804015-C118-4438-9DB8-90E904F26840}.Debug|iPhoneSimulator.Build.0 = Debug|Any CPU
		{19804015-C118-4438-9DB8-90E904F26840}.Default|Any CPU.ActiveCfg = Debug|Any CPU
		{19804015-C118-4438-9DB8-90E904F26840}.Default|Any CPU.Build.0 = Debug|Any CPU
		{19804015-C118-4438-9DB8-90E904F26840}.Default|iPhone.ActiveCfg = Debug|Any CPU
		{19804015-C118-4438-9DB8-90E904F26840}.Default|iPhone.Build.0 = Debug|Any CPU
		{19804015-C118-4438-9DB8-90E904F26840}.Default|iPhoneSimulator.ActiveCfg = Debug|Any CPU
		{19804015-C118-4438-9DB8-90E904F26840}.Default|iPhoneSimulator.Build.0 = Debug|Any CPU
		{19804015-C118-4438-9DB8-90E904F26840}.Release|Any CPU.ActiveCfg = Release|Any CPU
		{19804015-C118-4438-9DB8-90E904F26840}.Release|Any CPU.Build.0 = Release|Any CPU
		{19804015-C118-4438-9DB8-90E904F26840}.Release|iPhone.ActiveCfg = Release|Any CPU
		{19804015-C118-4438-9DB8-90E904F26840}.Release|iPhone.Build.0 = Release|Any CPU
		{19804015-C118-4438-9DB8-90E904F26840}.Release|iPhoneSimulator.ActiveCfg = Release|Any CPU
		{19804015-C118-4438-9DB8-90E904F26840}.Release|iPhoneSimulator.Build.0 = Release|Any CPU
		{1C676E36-1D6B-4584-8611-A1908A3AF68C}.Ad-Hoc|Any CPU.ActiveCfg = Release|Any CPU
		{1C676E36-1D6B-4584-8611-A1908A3AF68C}.Ad-Hoc|Any CPU.Build.0 = Release|Any CPU
		{1C676E36-1D6B-4584-8611-A1908A3AF68C}.Ad-Hoc|iPhone.ActiveCfg = Release|Any CPU
		{1C676E36-1D6B-4584-8611-A1908A3AF68C}.Ad-Hoc|iPhoneSimulator.ActiveCfg = Release|Any CPU
		{1C676E36-1D6B-4584-8611-A1908A3AF68C}.AppStore|Any CPU.ActiveCfg = Release|Any CPU
		{1C676E36-1D6B-4584-8611-A1908A3AF68C}.AppStore|Any CPU.Build.0 = Release|Any CPU
		{1C676E36-1D6B-4584-8611-A1908A3AF68C}.AppStore|iPhone.ActiveCfg = Release|Any CPU
		{1C676E36-1D6B-4584-8611-A1908A3AF68C}.AppStore|iPhoneSimulator.ActiveCfg = Release|Any CPU
		{1C676E36-1D6B-4584-8611-A1908A3AF68C}.Debug|Any CPU.ActiveCfg = Debug|Any CPU
		{1C676E36-1D6B-4584-8611-A1908A3AF68C}.Debug|Any CPU.Build.0 = Debug|Any CPU
		{1C676E36-1D6B-4584-8611-A1908A3AF68C}.Debug|iPhone.ActiveCfg = Debug|Any CPU
		{1C676E36-1D6B-4584-8611-A1908A3AF68C}.Debug|iPhoneSimulator.ActiveCfg = Debug|Any CPU
		{1C676E36-1D6B-4584-8611-A1908A3AF68C}.Default|Any CPU.ActiveCfg = Debug|Any CPU
		{1C676E36-1D6B-4584-8611-A1908A3AF68C}.Default|Any CPU.Build.0 = Debug|Any CPU
		{1C676E36-1D6B-4584-8611-A1908A3AF68C}.Default|iPhone.ActiveCfg = Debug|Any CPU
		{1C676E36-1D6B-4584-8611-A1908A3AF68C}.Default|iPhoneSimulator.ActiveCfg = Debug|Any CPU
		{1C676E36-1D6B-4584-8611-A1908A3AF68C}.Release|Any CPU.ActiveCfg = Release|Any CPU
		{1C676E36-1D6B-4584-8611-A1908A3AF68C}.Release|Any CPU.Build.0 = Release|Any CPU
		{1C676E36-1D6B-4584-8611-A1908A3AF68C}.Release|iPhone.ActiveCfg = Release|Any CPU
		{1C676E36-1D6B-4584-8611-A1908A3AF68C}.Release|iPhoneSimulator.ActiveCfg = Release|Any CPU
		{3296F3DE-89D1-4B00-8031-E17A62AFD039}.Ad-Hoc|Any CPU.ActiveCfg = Release|Any CPU
		{3296F3DE-89D1-4B00-8031-E17A62AFD039}.Ad-Hoc|Any CPU.Build.0 = Release|Any CPU
		{3296F3DE-89D1-4B00-8031-E17A62AFD039}.Ad-Hoc|iPhone.ActiveCfg = Debug|Any CPU
		{3296F3DE-89D1-4B00-8031-E17A62AFD039}.Ad-Hoc|iPhone.Build.0 = Debug|Any CPU
		{3296F3DE-89D1-4B00-8031-E17A62AFD039}.Ad-Hoc|iPhoneSimulator.ActiveCfg = Release|Any CPU
		{3296F3DE-89D1-4B00-8031-E17A62AFD039}.Ad-Hoc|iPhoneSimulator.Build.0 = Release|Any CPU
		{3296F3DE-89D1-4B00-8031-E17A62AFD039}.AppStore|Any CPU.ActiveCfg = Release|Any CPU
		{3296F3DE-89D1-4B00-8031-E17A62AFD039}.AppStore|Any CPU.Build.0 = Release|Any CPU
		{3296F3DE-89D1-4B00-8031-E17A62AFD039}.AppStore|iPhone.ActiveCfg = Debug|Any CPU
		{3296F3DE-89D1-4B00-8031-E17A62AFD039}.AppStore|iPhone.Build.0 = Debug|Any CPU
		{3296F3DE-89D1-4B00-8031-E17A62AFD039}.AppStore|iPhoneSimulator.ActiveCfg = Release|Any CPU
		{3296F3DE-89D1-4B00-8031-E17A62AFD039}.AppStore|iPhoneSimulator.Build.0 = Release|Any CPU
		{3296F3DE-89D1-4B00-8031-E17A62AFD039}.Debug|Any CPU.ActiveCfg = Debug|Any CPU
		{3296F3DE-89D1-4B00-8031-E17A62AFD039}.Debug|Any CPU.Build.0 = Debug|Any CPU
		{3296F3DE-89D1-4B00-8031-E17A62AFD039}.Debug|iPhone.ActiveCfg = Debug|Any CPU
		{3296F3DE-89D1-4B00-8031-E17A62AFD039}.Debug|iPhone.Build.0 = Debug|Any CPU
		{3296F3DE-89D1-4B00-8031-E17A62AFD039}.Debug|iPhoneSimulator.ActiveCfg = Debug|Any CPU
		{3296F3DE-89D1-4B00-8031-E17A62AFD039}.Debug|iPhoneSimulator.Build.0 = Debug|Any CPU
		{3296F3DE-89D1-4B00-8031-E17A62AFD039}.Default|Any CPU.ActiveCfg = Debug|Any CPU
		{3296F3DE-89D1-4B00-8031-E17A62AFD039}.Default|Any CPU.Build.0 = Debug|Any CPU
		{3296F3DE-89D1-4B00-8031-E17A62AFD039}.Default|iPhone.ActiveCfg = Debug|Any CPU
		{3296F3DE-89D1-4B00-8031-E17A62AFD039}.Default|iPhone.Build.0 = Debug|Any CPU
		{3296F3DE-89D1-4B00-8031-E17A62AFD039}.Default|iPhoneSimulator.ActiveCfg = Debug|Any CPU
		{3296F3DE-89D1-4B00-8031-E17A62AFD039}.Default|iPhoneSimulator.Build.0 = Debug|Any CPU
		{3296F3DE-89D1-4B00-8031-E17A62AFD039}.Release|Any CPU.ActiveCfg = Release|Any CPU
		{3296F3DE-89D1-4B00-8031-E17A62AFD039}.Release|Any CPU.Build.0 = Release|Any CPU
		{3296F3DE-89D1-4B00-8031-E17A62AFD039}.Release|iPhone.ActiveCfg = Release|Any CPU
		{3296F3DE-89D1-4B00-8031-E17A62AFD039}.Release|iPhone.Build.0 = Release|Any CPU
		{3296F3DE-89D1-4B00-8031-E17A62AFD039}.Release|iPhoneSimulator.ActiveCfg = Release|Any CPU
		{3296F3DE-89D1-4B00-8031-E17A62AFD039}.Release|iPhoneSimulator.Build.0 = Release|Any CPU
		{3E68EA85-423E-4FBA-A702-F02C0ECBC2FC}.Ad-Hoc|Any CPU.ActiveCfg = Release|Any CPU
		{3E68EA85-423E-4FBA-A702-F02C0ECBC2FC}.Ad-Hoc|Any CPU.Build.0 = Release|Any CPU
		{3E68EA85-423E-4FBA-A702-F02C0ECBC2FC}.Ad-Hoc|iPhone.ActiveCfg = Debug|Any CPU
		{3E68EA85-423E-4FBA-A702-F02C0ECBC2FC}.Ad-Hoc|iPhone.Build.0 = Debug|Any CPU
		{3E68EA85-423E-4FBA-A702-F02C0ECBC2FC}.Ad-Hoc|iPhoneSimulator.ActiveCfg = Release|Any CPU
		{3E68EA85-423E-4FBA-A702-F02C0ECBC2FC}.Ad-Hoc|iPhoneSimulator.Build.0 = Release|Any CPU
		{3E68EA85-423E-4FBA-A702-F02C0ECBC2FC}.AppStore|Any CPU.ActiveCfg = Release|Any CPU
		{3E68EA85-423E-4FBA-A702-F02C0ECBC2FC}.AppStore|Any CPU.Build.0 = Release|Any CPU
		{3E68EA85-423E-4FBA-A702-F02C0ECBC2FC}.AppStore|iPhone.ActiveCfg = Debug|Any CPU
		{3E68EA85-423E-4FBA-A702-F02C0ECBC2FC}.AppStore|iPhone.Build.0 = Debug|Any CPU
		{3E68EA85-423E-4FBA-A702-F02C0ECBC2FC}.AppStore|iPhoneSimulator.ActiveCfg = Release|Any CPU
		{3E68EA85-423E-4FBA-A702-F02C0ECBC2FC}.AppStore|iPhoneSimulator.Build.0 = Release|Any CPU
		{3E68EA85-423E-4FBA-A702-F02C0ECBC2FC}.Debug|Any CPU.ActiveCfg = Debug|Any CPU
		{3E68EA85-423E-4FBA-A702-F02C0ECBC2FC}.Debug|Any CPU.Build.0 = Debug|Any CPU
		{3E68EA85-423E-4FBA-A702-F02C0ECBC2FC}.Debug|iPhone.ActiveCfg = Debug|Any CPU
		{3E68EA85-423E-4FBA-A702-F02C0ECBC2FC}.Debug|iPhone.Build.0 = Debug|Any CPU
		{3E68EA85-423E-4FBA-A702-F02C0ECBC2FC}.Debug|iPhoneSimulator.ActiveCfg = Debug|Any CPU
		{3E68EA85-423E-4FBA-A702-F02C0ECBC2FC}.Debug|iPhoneSimulator.Build.0 = Debug|Any CPU
		{3E68EA85-423E-4FBA-A702-F02C0ECBC2FC}.Default|Any CPU.ActiveCfg = Debug|Any CPU
		{3E68EA85-423E-4FBA-A702-F02C0ECBC2FC}.Default|Any CPU.Build.0 = Debug|Any CPU
		{3E68EA85-423E-4FBA-A702-F02C0ECBC2FC}.Default|iPhone.ActiveCfg = Debug|Any CPU
		{3E68EA85-423E-4FBA-A702-F02C0ECBC2FC}.Default|iPhone.Build.0 = Debug|Any CPU
		{3E68EA85-423E-4FBA-A702-F02C0ECBC2FC}.Default|iPhoneSimulator.ActiveCfg = Debug|Any CPU
		{3E68EA85-423E-4FBA-A702-F02C0ECBC2FC}.Default|iPhoneSimulator.Build.0 = Debug|Any CPU
		{3E68EA85-423E-4FBA-A702-F02C0ECBC2FC}.Release|Any CPU.ActiveCfg = Release|Any CPU
		{3E68EA85-423E-4FBA-A702-F02C0ECBC2FC}.Release|Any CPU.Build.0 = Release|Any CPU
		{3E68EA85-423E-4FBA-A702-F02C0ECBC2FC}.Release|iPhone.ActiveCfg = Release|Any CPU
		{3E68EA85-423E-4FBA-A702-F02C0ECBC2FC}.Release|iPhone.Build.0 = Release|Any CPU
		{3E68EA85-423E-4FBA-A702-F02C0ECBC2FC}.Release|iPhoneSimulator.ActiveCfg = Release|Any CPU
		{3E68EA85-423E-4FBA-A702-F02C0ECBC2FC}.Release|iPhoneSimulator.Build.0 = Release|Any CPU
		{52EDFDF7-47AA-4B86-9D4B-D324D18E7201}.Ad-Hoc|Any CPU.ActiveCfg = Release|Any CPU
		{52EDFDF7-47AA-4B86-9D4B-D324D18E7201}.Ad-Hoc|Any CPU.Build.0 = Release|Any CPU
		{52EDFDF7-47AA-4B86-9D4B-D324D18E7201}.Ad-Hoc|iPhone.ActiveCfg = Debug|Any CPU
		{52EDFDF7-47AA-4B86-9D4B-D324D18E7201}.Ad-Hoc|iPhone.Build.0 = Debug|Any CPU
		{52EDFDF7-47AA-4B86-9D4B-D324D18E7201}.Ad-Hoc|iPhoneSimulator.ActiveCfg = Release|Any CPU
		{52EDFDF7-47AA-4B86-9D4B-D324D18E7201}.Ad-Hoc|iPhoneSimulator.Build.0 = Release|Any CPU
		{52EDFDF7-47AA-4B86-9D4B-D324D18E7201}.AppStore|Any CPU.ActiveCfg = Release|Any CPU
		{52EDFDF7-47AA-4B86-9D4B-D324D18E7201}.AppStore|Any CPU.Build.0 = Release|Any CPU
		{52EDFDF7-47AA-4B86-9D4B-D324D18E7201}.AppStore|iPhone.ActiveCfg = Debug|Any CPU
		{52EDFDF7-47AA-4B86-9D4B-D324D18E7201}.AppStore|iPhone.Build.0 = Debug|Any CPU
		{52EDFDF7-47AA-4B86-9D4B-D324D18E7201}.AppStore|iPhoneSimulator.ActiveCfg = Release|Any CPU
		{52EDFDF7-47AA-4B86-9D4B-D324D18E7201}.AppStore|iPhoneSimulator.Build.0 = Release|Any CPU
		{52EDFDF7-47AA-4B86-9D4B-D324D18E7201}.Debug|Any CPU.ActiveCfg = Debug|Any CPU
		{52EDFDF7-47AA-4B86-9D4B-D324D18E7201}.Debug|Any CPU.Build.0 = Debug|Any CPU
		{52EDFDF7-47AA-4B86-9D4B-D324D18E7201}.Debug|iPhone.ActiveCfg = Debug|Any CPU
		{52EDFDF7-47AA-4B86-9D4B-D324D18E7201}.Debug|iPhone.Build.0 = Debug|Any CPU
		{52EDFDF7-47AA-4B86-9D4B-D324D18E7201}.Debug|iPhoneSimulator.ActiveCfg = Debug|Any CPU
		{52EDFDF7-47AA-4B86-9D4B-D324D18E7201}.Debug|iPhoneSimulator.Build.0 = Debug|Any CPU
		{52EDFDF7-47AA-4B86-9D4B-D324D18E7201}.Default|Any CPU.ActiveCfg = Debug|Any CPU
		{52EDFDF7-47AA-4B86-9D4B-D324D18E7201}.Default|Any CPU.Build.0 = Debug|Any CPU
		{52EDFDF7-47AA-4B86-9D4B-D324D18E7201}.Default|iPhone.ActiveCfg = Debug|Any CPU
		{52EDFDF7-47AA-4B86-9D4B-D324D18E7201}.Default|iPhone.Build.0 = Debug|Any CPU
		{52EDFDF7-47AA-4B86-9D4B-D324D18E7201}.Default|iPhoneSimulator.ActiveCfg = Debug|Any CPU
		{52EDFDF7-47AA-4B86-9D4B-D324D18E7201}.Default|iPhoneSimulator.Build.0 = Debug|Any CPU
		{52EDFDF7-47AA-4B86-9D4B-D324D18E7201}.Release|Any CPU.ActiveCfg = Release|Any CPU
		{52EDFDF7-47AA-4B86-9D4B-D324D18E7201}.Release|Any CPU.Build.0 = Release|Any CPU
		{52EDFDF7-47AA-4B86-9D4B-D324D18E7201}.Release|iPhone.ActiveCfg = Release|Any CPU
		{52EDFDF7-47AA-4B86-9D4B-D324D18E7201}.Release|iPhone.Build.0 = Release|Any CPU
		{52EDFDF7-47AA-4B86-9D4B-D324D18E7201}.Release|iPhoneSimulator.ActiveCfg = Release|Any CPU
		{52EDFDF7-47AA-4B86-9D4B-D324D18E7201}.Release|iPhoneSimulator.Build.0 = Release|Any CPU
		{565DCE74-E600-4468-B92E-056CABC831DB}.Ad-Hoc|Any CPU.ActiveCfg = Release|Any CPU
		{565DCE74-E600-4468-B92E-056CABC831DB}.Ad-Hoc|Any CPU.Build.0 = Release|Any CPU
		{565DCE74-E600-4468-B92E-056CABC831DB}.Ad-Hoc|iPhone.ActiveCfg = Release|Any CPU
		{565DCE74-E600-4468-B92E-056CABC831DB}.Ad-Hoc|iPhoneSimulator.ActiveCfg = Release|Any CPU
		{565DCE74-E600-4468-B92E-056CABC831DB}.AppStore|Any CPU.ActiveCfg = Release|Any CPU
		{565DCE74-E600-4468-B92E-056CABC831DB}.AppStore|Any CPU.Build.0 = Release|Any CPU
		{565DCE74-E600-4468-B92E-056CABC831DB}.AppStore|iPhone.ActiveCfg = Release|Any CPU
		{565DCE74-E600-4468-B92E-056CABC831DB}.AppStore|iPhoneSimulator.ActiveCfg = Release|Any CPU
		{565DCE74-E600-4468-B92E-056CABC831DB}.Debug|Any CPU.ActiveCfg = Debug|Any CPU
		{565DCE74-E600-4468-B92E-056CABC831DB}.Debug|Any CPU.Build.0 = Debug|Any CPU
		{565DCE74-E600-4468-B92E-056CABC831DB}.Debug|iPhone.ActiveCfg = Debug|Any CPU
		{565DCE74-E600-4468-B92E-056CABC831DB}.Debug|iPhoneSimulator.ActiveCfg = Debug|Any CPU
		{565DCE74-E600-4468-B92E-056CABC831DB}.Default|Any CPU.ActiveCfg = Debug|Any CPU
		{565DCE74-E600-4468-B92E-056CABC831DB}.Default|Any CPU.Build.0 = Debug|Any CPU
		{565DCE74-E600-4468-B92E-056CABC831DB}.Default|iPhone.ActiveCfg = Debug|Any CPU
		{565DCE74-E600-4468-B92E-056CABC831DB}.Default|iPhoneSimulator.ActiveCfg = Debug|Any CPU
		{565DCE74-E600-4468-B92E-056CABC831DB}.Release|Any CPU.ActiveCfg = Release|Any CPU
		{565DCE74-E600-4468-B92E-056CABC831DB}.Release|Any CPU.Build.0 = Release|Any CPU
		{565DCE74-E600-4468-B92E-056CABC831DB}.Release|iPhone.ActiveCfg = Release|Any CPU
		{565DCE74-E600-4468-B92E-056CABC831DB}.Release|iPhoneSimulator.ActiveCfg = Release|Any CPU
		{7A860653-AD24-4505-94A2-39BF81925C5E}.Ad-Hoc|Any CPU.ActiveCfg = Release|Any CPU
		{7A860653-AD24-4505-94A2-39BF81925C5E}.Ad-Hoc|Any CPU.Build.0 = Release|Any CPU
		{7A860653-AD24-4505-94A2-39BF81925C5E}.Ad-Hoc|iPhone.ActiveCfg = Debug|Any CPU
		{7A860653-AD24-4505-94A2-39BF81925C5E}.Ad-Hoc|iPhone.Build.0 = Debug|Any CPU
		{7A860653-AD24-4505-94A2-39BF81925C5E}.Ad-Hoc|iPhoneSimulator.ActiveCfg = Release|Any CPU
		{7A860653-AD24-4505-94A2-39BF81925C5E}.Ad-Hoc|iPhoneSimulator.Build.0 = Release|Any CPU
		{7A860653-AD24-4505-94A2-39BF81925C5E}.AppStore|Any CPU.ActiveCfg = AppStore|Any CPU
		{7A860653-AD24-4505-94A2-39BF81925C5E}.AppStore|Any CPU.Build.0 = AppStore|Any CPU
		{7A860653-AD24-4505-94A2-39BF81925C5E}.AppStore|iPhone.ActiveCfg = AppStore|Any CPU
		{7A860653-AD24-4505-94A2-39BF81925C5E}.AppStore|iPhone.Build.0 = AppStore|Any CPU
		{7A860653-AD24-4505-94A2-39BF81925C5E}.AppStore|iPhoneSimulator.ActiveCfg = AppStore|Any CPU
		{7A860653-AD24-4505-94A2-39BF81925C5E}.AppStore|iPhoneSimulator.Build.0 = AppStore|Any CPU
		{7A860653-AD24-4505-94A2-39BF81925C5E}.Debug|Any CPU.ActiveCfg = Debug|Any CPU
		{7A860653-AD24-4505-94A2-39BF81925C5E}.Debug|Any CPU.Build.0 = Debug|Any CPU
		{7A860653-AD24-4505-94A2-39BF81925C5E}.Debug|iPhone.ActiveCfg = Debug|Any CPU
		{7A860653-AD24-4505-94A2-39BF81925C5E}.Debug|iPhone.Build.0 = Debug|Any CPU
		{7A860653-AD24-4505-94A2-39BF81925C5E}.Debug|iPhoneSimulator.ActiveCfg = Debug|Any CPU
		{7A860653-AD24-4505-94A2-39BF81925C5E}.Debug|iPhoneSimulator.Build.0 = Debug|Any CPU
		{7A860653-AD24-4505-94A2-39BF81925C5E}.Default|Any CPU.ActiveCfg = Debug|Any CPU
		{7A860653-AD24-4505-94A2-39BF81925C5E}.Default|Any CPU.Build.0 = Debug|Any CPU
		{7A860653-AD24-4505-94A2-39BF81925C5E}.Default|iPhone.ActiveCfg = Debug|Any CPU
		{7A860653-AD24-4505-94A2-39BF81925C5E}.Default|iPhone.Build.0 = Debug|Any CPU
		{7A860653-AD24-4505-94A2-39BF81925C5E}.Default|iPhoneSimulator.ActiveCfg = Debug|Any CPU
		{7A860653-AD24-4505-94A2-39BF81925C5E}.Default|iPhoneSimulator.Build.0 = Debug|Any CPU
		{7A860653-AD24-4505-94A2-39BF81925C5E}.Release|Any CPU.ActiveCfg = Release|Any CPU
		{7A860653-AD24-4505-94A2-39BF81925C5E}.Release|Any CPU.Build.0 = Release|Any CPU
		{7A860653-AD24-4505-94A2-39BF81925C5E}.Release|iPhone.ActiveCfg = Release|Any CPU
		{7A860653-AD24-4505-94A2-39BF81925C5E}.Release|iPhone.Build.0 = Release|Any CPU
		{7A860653-AD24-4505-94A2-39BF81925C5E}.Release|iPhoneSimulator.ActiveCfg = Release|Any CPU
		{7A860653-AD24-4505-94A2-39BF81925C5E}.Release|iPhoneSimulator.Build.0 = Release|Any CPU
		{81DED26B-9521-40C7-B4F2-86B877CB550E}.Ad-Hoc|Any CPU.ActiveCfg = Release|Any CPU
		{81DED26B-9521-40C7-B4F2-86B877CB550E}.Ad-Hoc|iPhone.ActiveCfg = Debug|Any CPU
		{81DED26B-9521-40C7-B4F2-86B877CB550E}.Ad-Hoc|iPhone.Build.0 = Debug|Any CPU
		{81DED26B-9521-40C7-B4F2-86B877CB550E}.Ad-Hoc|iPhoneSimulator.ActiveCfg = Release|Any CPU
		{81DED26B-9521-40C7-B4F2-86B877CB550E}.AppStore|Any CPU.ActiveCfg = Release|Any CPU
		{81DED26B-9521-40C7-B4F2-86B877CB550E}.AppStore|iPhone.ActiveCfg = Debug|Any CPU
		{81DED26B-9521-40C7-B4F2-86B877CB550E}.AppStore|iPhone.Build.0 = Debug|Any CPU
		{81DED26B-9521-40C7-B4F2-86B877CB550E}.AppStore|iPhoneSimulator.ActiveCfg = Release|Any CPU
		{81DED26B-9521-40C7-B4F2-86B877CB550E}.Debug|Any CPU.ActiveCfg = Debug|Any CPU
		{81DED26B-9521-40C7-B4F2-86B877CB550E}.Debug|Any CPU.Build.0 = Debug|Any CPU
		{81DED26B-9521-40C7-B4F2-86B877CB550E}.Debug|iPhone.ActiveCfg = Debug|Any CPU
		{81DED26B-9521-40C7-B4F2-86B877CB550E}.Debug|iPhone.Build.0 = Debug|Any CPU
		{81DED26B-9521-40C7-B4F2-86B877CB550E}.Debug|iPhoneSimulator.ActiveCfg = Debug|Any CPU
		{81DED26B-9521-40C7-B4F2-86B877CB550E}.Debug|iPhoneSimulator.Build.0 = Debug|Any CPU
		{81DED26B-9521-40C7-B4F2-86B877CB550E}.Default|Any CPU.ActiveCfg = Debug|Any CPU
		{81DED26B-9521-40C7-B4F2-86B877CB550E}.Default|Any CPU.Build.0 = Debug|Any CPU
		{81DED26B-9521-40C7-B4F2-86B877CB550E}.Default|iPhone.ActiveCfg = Debug|Any CPU
		{81DED26B-9521-40C7-B4F2-86B877CB550E}.Default|iPhoneSimulator.ActiveCfg = Debug|Any CPU
		{81DED26B-9521-40C7-B4F2-86B877CB550E}.Release|Any CPU.ActiveCfg = Release|Any CPU
		{81DED26B-9521-40C7-B4F2-86B877CB550E}.Release|Any CPU.Build.0 = Release|Any CPU
		{81DED26B-9521-40C7-B4F2-86B877CB550E}.Release|iPhone.ActiveCfg = Release|Any CPU
		{81DED26B-9521-40C7-B4F2-86B877CB550E}.Release|iPhone.Build.0 = Release|Any CPU
		{81DED26B-9521-40C7-B4F2-86B877CB550E}.Release|iPhoneSimulator.ActiveCfg = Release|Any CPU
		{81DED26B-9521-40C7-B4F2-86B877CB550E}.Release|iPhoneSimulator.Build.0 = Release|Any CPU
		{8204A504-96BC-47B3-93B5-4B5861762A47}.Ad-Hoc|Any CPU.ActiveCfg = Release|Any CPU
		{8204A504-96BC-47B3-93B5-4B5861762A47}.Ad-Hoc|Any CPU.Build.0 = Release|Any CPU
		{8204A504-96BC-47B3-93B5-4B5861762A47}.Ad-Hoc|iPhone.ActiveCfg = Debug|Any CPU
		{8204A504-96BC-47B3-93B5-4B5861762A47}.Ad-Hoc|iPhone.Build.0 = Debug|Any CPU
		{8204A504-96BC-47B3-93B5-4B5861762A47}.Ad-Hoc|iPhoneSimulator.ActiveCfg = Release|Any CPU
		{8204A504-96BC-47B3-93B5-4B5861762A47}.Ad-Hoc|iPhoneSimulator.Build.0 = Release|Any CPU
		{8204A504-96BC-47B3-93B5-4B5861762A47}.AppStore|Any CPU.ActiveCfg = Release|Any CPU
		{8204A504-96BC-47B3-93B5-4B5861762A47}.AppStore|Any CPU.Build.0 = Release|Any CPU
		{8204A504-96BC-47B3-93B5-4B5861762A47}.AppStore|iPhone.ActiveCfg = Release|Any CPU
		{8204A504-96BC-47B3-93B5-4B5861762A47}.AppStore|iPhone.Build.0 = Release|Any CPU
		{8204A504-96BC-47B3-93B5-4B5861762A47}.AppStore|iPhoneSimulator.ActiveCfg = Release|Any CPU
		{8204A504-96BC-47B3-93B5-4B5861762A47}.AppStore|iPhoneSimulator.Build.0 = Release|Any CPU
		{8204A504-96BC-47B3-93B5-4B5861762A47}.Debug|Any CPU.ActiveCfg = Debug|Any CPU
		{8204A504-96BC-47B3-93B5-4B5861762A47}.Debug|Any CPU.Build.0 = Debug|Any CPU
		{8204A504-96BC-47B3-93B5-4B5861762A47}.Debug|iPhone.ActiveCfg = Debug|Any CPU
		{8204A504-96BC-47B3-93B5-4B5861762A47}.Debug|iPhone.Build.0 = Debug|Any CPU
		{8204A504-96BC-47B3-93B5-4B5861762A47}.Debug|iPhoneSimulator.ActiveCfg = Debug|Any CPU
		{8204A504-96BC-47B3-93B5-4B5861762A47}.Debug|iPhoneSimulator.Build.0 = Debug|Any CPU
		{8204A504-96BC-47B3-93B5-4B5861762A47}.Default|Any CPU.ActiveCfg = Debug|Any CPU
		{8204A504-96BC-47B3-93B5-4B5861762A47}.Default|Any CPU.Build.0 = Debug|Any CPU
		{8204A504-96BC-47B3-93B5-4B5861762A47}.Default|iPhone.ActiveCfg = Debug|Any CPU
		{8204A504-96BC-47B3-93B5-4B5861762A47}.Default|iPhone.Build.0 = Debug|Any CPU
		{8204A504-96BC-47B3-93B5-4B5861762A47}.Default|iPhoneSimulator.ActiveCfg = Debug|Any CPU
		{8204A504-96BC-47B3-93B5-4B5861762A47}.Default|iPhoneSimulator.Build.0 = Debug|Any CPU
		{8204A504-96BC-47B3-93B5-4B5861762A47}.Release|Any CPU.ActiveCfg = Release|Any CPU
		{8204A504-96BC-47B3-93B5-4B5861762A47}.Release|Any CPU.Build.0 = Release|Any CPU
		{8204A504-96BC-47B3-93B5-4B5861762A47}.Release|iPhone.ActiveCfg = Release|Any CPU
		{8204A504-96BC-47B3-93B5-4B5861762A47}.Release|iPhone.Build.0 = Release|Any CPU
		{8204A504-96BC-47B3-93B5-4B5861762A47}.Release|iPhoneSimulator.ActiveCfg = Release|Any CPU
		{8204A504-96BC-47B3-93B5-4B5861762A47}.Release|iPhoneSimulator.Build.0 = Release|Any CPU
		{9DDDE951-7DB6-43CA-A603-8A4384AEEA5E}.Ad-Hoc|Any CPU.ActiveCfg = Release|Any CPU
		{9DDDE951-7DB6-43CA-A603-8A4384AEEA5E}.Ad-Hoc|Any CPU.Build.0 = Release|Any CPU
		{9DDDE951-7DB6-43CA-A603-8A4384AEEA5E}.Ad-Hoc|iPhone.ActiveCfg = Debug|Any CPU
		{9DDDE951-7DB6-43CA-A603-8A4384AEEA5E}.Ad-Hoc|iPhone.Build.0 = Debug|Any CPU
		{9DDDE951-7DB6-43CA-A603-8A4384AEEA5E}.Ad-Hoc|iPhoneSimulator.ActiveCfg = Release|Any CPU
		{9DDDE951-7DB6-43CA-A603-8A4384AEEA5E}.Ad-Hoc|iPhoneSimulator.Build.0 = Release|Any CPU
		{9DDDE951-7DB6-43CA-A603-8A4384AEEA5E}.AppStore|Any CPU.ActiveCfg = Release|Any CPU
		{9DDDE951-7DB6-43CA-A603-8A4384AEEA5E}.AppStore|Any CPU.Build.0 = Release|Any CPU
		{9DDDE951-7DB6-43CA-A603-8A4384AEEA5E}.AppStore|iPhone.ActiveCfg = Debug|Any CPU
		{9DDDE951-7DB6-43CA-A603-8A4384AEEA5E}.AppStore|iPhone.Build.0 = Debug|Any CPU
		{9DDDE951-7DB6-43CA-A603-8A4384AEEA5E}.AppStore|iPhoneSimulator.ActiveCfg = Release|Any CPU
		{9DDDE951-7DB6-43CA-A603-8A4384AEEA5E}.AppStore|iPhoneSimulator.Build.0 = Release|Any CPU
		{9DDDE951-7DB6-43CA-A603-8A4384AEEA5E}.Debug|Any CPU.ActiveCfg = Debug|Any CPU
		{9DDDE951-7DB6-43CA-A603-8A4384AEEA5E}.Debug|Any CPU.Build.0 = Debug|Any CPU
		{9DDDE951-7DB6-43CA-A603-8A4384AEEA5E}.Debug|iPhone.ActiveCfg = Debug|Any CPU
		{9DDDE951-7DB6-43CA-A603-8A4384AEEA5E}.Debug|iPhone.Build.0 = Debug|Any CPU
		{9DDDE951-7DB6-43CA-A603-8A4384AEEA5E}.Debug|iPhoneSimulator.ActiveCfg = Debug|Any CPU
		{9DDDE951-7DB6-43CA-A603-8A4384AEEA5E}.Debug|iPhoneSimulator.Build.0 = Debug|Any CPU
		{9DDDE951-7DB6-43CA-A603-8A4384AEEA5E}.Default|Any CPU.ActiveCfg = Debug|Any CPU
		{9DDDE951-7DB6-43CA-A603-8A4384AEEA5E}.Default|Any CPU.Build.0 = Debug|Any CPU
		{9DDDE951-7DB6-43CA-A603-8A4384AEEA5E}.Default|iPhone.ActiveCfg = Debug|Any CPU
		{9DDDE951-7DB6-43CA-A603-8A4384AEEA5E}.Default|iPhone.Build.0 = Debug|Any CPU
		{9DDDE951-7DB6-43CA-A603-8A4384AEEA5E}.Default|iPhoneSimulator.ActiveCfg = Debug|Any CPU
		{9DDDE951-7DB6-43CA-A603-8A4384AEEA5E}.Default|iPhoneSimulator.Build.0 = Debug|Any CPU
		{9DDDE951-7DB6-43CA-A603-8A4384AEEA5E}.Release|Any CPU.ActiveCfg = Release|Any CPU
		{9DDDE951-7DB6-43CA-A603-8A4384AEEA5E}.Release|Any CPU.Build.0 = Release|Any CPU
		{9DDDE951-7DB6-43CA-A603-8A4384AEEA5E}.Release|iPhone.ActiveCfg = Release|Any CPU
		{9DDDE951-7DB6-43CA-A603-8A4384AEEA5E}.Release|iPhone.Build.0 = Release|Any CPU
		{9DDDE951-7DB6-43CA-A603-8A4384AEEA5E}.Release|iPhoneSimulator.ActiveCfg = Release|Any CPU
		{9DDDE951-7DB6-43CA-A603-8A4384AEEA5E}.Release|iPhoneSimulator.Build.0 = Release|Any CPU
		{AF7679D0-A9DE-407F-AA79-46726C54F4A9}.Ad-Hoc|Any CPU.ActiveCfg = Release|Any CPU
		{AF7679D0-A9DE-407F-AA79-46726C54F4A9}.Ad-Hoc|Any CPU.Build.0 = Release|Any CPU
		{AF7679D0-A9DE-407F-AA79-46726C54F4A9}.Ad-Hoc|iPhone.ActiveCfg = Debug|Any CPU
		{AF7679D0-A9DE-407F-AA79-46726C54F4A9}.Ad-Hoc|iPhone.Build.0 = Debug|Any CPU
		{AF7679D0-A9DE-407F-AA79-46726C54F4A9}.Ad-Hoc|iPhoneSimulator.ActiveCfg = Release|Any CPU
		{AF7679D0-A9DE-407F-AA79-46726C54F4A9}.AppStore|Any CPU.ActiveCfg = Release|Any CPU
		{AF7679D0-A9DE-407F-AA79-46726C54F4A9}.AppStore|Any CPU.Build.0 = Release|Any CPU
		{AF7679D0-A9DE-407F-AA79-46726C54F4A9}.AppStore|iPhone.ActiveCfg = Debug|Any CPU
		{AF7679D0-A9DE-407F-AA79-46726C54F4A9}.AppStore|iPhone.Build.0 = Debug|Any CPU
		{AF7679D0-A9DE-407F-AA79-46726C54F4A9}.AppStore|iPhoneSimulator.ActiveCfg = Release|Any CPU
		{AF7679D0-A9DE-407F-AA79-46726C54F4A9}.Debug|Any CPU.ActiveCfg = Debug|Any CPU
		{AF7679D0-A9DE-407F-AA79-46726C54F4A9}.Debug|Any CPU.Build.0 = Debug|Any CPU
		{AF7679D0-A9DE-407F-AA79-46726C54F4A9}.Debug|iPhone.ActiveCfg = Debug|Any CPU
		{AF7679D0-A9DE-407F-AA79-46726C54F4A9}.Debug|iPhone.Build.0 = Debug|Any CPU
		{AF7679D0-A9DE-407F-AA79-46726C54F4A9}.Debug|iPhoneSimulator.ActiveCfg = Debug|Any CPU
		{AF7679D0-A9DE-407F-AA79-46726C54F4A9}.Debug|iPhoneSimulator.Build.0 = Debug|Any CPU
		{AF7679D0-A9DE-407F-AA79-46726C54F4A9}.Default|Any CPU.ActiveCfg = Debug|Any CPU
		{AF7679D0-A9DE-407F-AA79-46726C54F4A9}.Default|Any CPU.Build.0 = Debug|Any CPU
		{AF7679D0-A9DE-407F-AA79-46726C54F4A9}.Default|iPhone.ActiveCfg = Debug|Any CPU
		{AF7679D0-A9DE-407F-AA79-46726C54F4A9}.Default|iPhoneSimulator.ActiveCfg = Debug|Any CPU
		{AF7679D0-A9DE-407F-AA79-46726C54F4A9}.Release|Any CPU.ActiveCfg = Release|Any CPU
		{AF7679D0-A9DE-407F-AA79-46726C54F4A9}.Release|Any CPU.Build.0 = Release|Any CPU
		{AF7679D0-A9DE-407F-AA79-46726C54F4A9}.Release|iPhone.ActiveCfg = Release|Any CPU
		{AF7679D0-A9DE-407F-AA79-46726C54F4A9}.Release|iPhone.Build.0 = Release|Any CPU
		{AF7679D0-A9DE-407F-AA79-46726C54F4A9}.Release|iPhoneSimulator.ActiveCfg = Release|Any CPU
		{AF7679D0-A9DE-407F-AA79-46726C54F4A9}.Release|iPhoneSimulator.Build.0 = Release|Any CPU
		{B2AF6FEE-C652-47C9-8BD0-E03228335C8A}.Ad-Hoc|Any CPU.ActiveCfg = Ad-Hoc|iPhone
		{B2AF6FEE-C652-47C9-8BD0-E03228335C8A}.Ad-Hoc|Any CPU.Build.0 = Ad-Hoc|iPhone
		{B2AF6FEE-C652-47C9-8BD0-E03228335C8A}.Ad-Hoc|iPhone.ActiveCfg = Ad-Hoc|iPhone
		{B2AF6FEE-C652-47C9-8BD0-E03228335C8A}.Ad-Hoc|iPhone.Build.0 = Ad-Hoc|iPhone
		{B2AF6FEE-C652-47C9-8BD0-E03228335C8A}.Ad-Hoc|iPhoneSimulator.ActiveCfg = Debug|iPhoneSimulator
		{B2AF6FEE-C652-47C9-8BD0-E03228335C8A}.Ad-Hoc|iPhoneSimulator.Build.0 = Debug|iPhoneSimulator
		{B2AF6FEE-C652-47C9-8BD0-E03228335C8A}.AppStore|Any CPU.ActiveCfg = AppStore|iPhone
		{B2AF6FEE-C652-47C9-8BD0-E03228335C8A}.AppStore|Any CPU.Build.0 = AppStore|iPhone
		{B2AF6FEE-C652-47C9-8BD0-E03228335C8A}.AppStore|iPhone.ActiveCfg = AppStore|iPhone
		{B2AF6FEE-C652-47C9-8BD0-E03228335C8A}.AppStore|iPhone.Build.0 = AppStore|iPhone
		{B2AF6FEE-C652-47C9-8BD0-E03228335C8A}.AppStore|iPhoneSimulator.ActiveCfg = Debug|iPhoneSimulator
		{B2AF6FEE-C652-47C9-8BD0-E03228335C8A}.AppStore|iPhoneSimulator.Build.0 = Debug|iPhoneSimulator
		{B2AF6FEE-C652-47C9-8BD0-E03228335C8A}.Debug|Any CPU.ActiveCfg = Debug|iPhoneSimulator
		{B2AF6FEE-C652-47C9-8BD0-E03228335C8A}.Debug|Any CPU.Build.0 = Debug|iPhoneSimulator
		{B2AF6FEE-C652-47C9-8BD0-E03228335C8A}.Debug|iPhone.ActiveCfg = Debug|iPhone
		{B2AF6FEE-C652-47C9-8BD0-E03228335C8A}.Debug|iPhone.Build.0 = Debug|iPhone
		{B2AF6FEE-C652-47C9-8BD0-E03228335C8A}.Debug|iPhoneSimulator.ActiveCfg = Debug|iPhoneSimulator
		{B2AF6FEE-C652-47C9-8BD0-E03228335C8A}.Debug|iPhoneSimulator.Build.0 = Debug|iPhoneSimulator
		{B2AF6FEE-C652-47C9-8BD0-E03228335C8A}.Default|Any CPU.ActiveCfg = Debug|iPhoneSimulator
		{B2AF6FEE-C652-47C9-8BD0-E03228335C8A}.Default|Any CPU.Build.0 = Debug|iPhoneSimulator
		{B2AF6FEE-C652-47C9-8BD0-E03228335C8A}.Default|iPhone.ActiveCfg = Debug|iPhone
		{B2AF6FEE-C652-47C9-8BD0-E03228335C8A}.Default|iPhone.Build.0 = Debug|iPhone
		{B2AF6FEE-C652-47C9-8BD0-E03228335C8A}.Default|iPhoneSimulator.ActiveCfg = Debug|iPhoneSimulator
		{B2AF6FEE-C652-47C9-8BD0-E03228335C8A}.Default|iPhoneSimulator.Build.0 = Debug|iPhoneSimulator
		{B2AF6FEE-C652-47C9-8BD0-E03228335C8A}.Release|Any CPU.ActiveCfg = Release|iPhoneSimulator
		{B2AF6FEE-C652-47C9-8BD0-E03228335C8A}.Release|Any CPU.Build.0 = Release|iPhoneSimulator
		{B2AF6FEE-C652-47C9-8BD0-E03228335C8A}.Release|iPhone.ActiveCfg = Release|iPhone
		{B2AF6FEE-C652-47C9-8BD0-E03228335C8A}.Release|iPhone.Build.0 = Release|iPhone
		{B2AF6FEE-C652-47C9-8BD0-E03228335C8A}.Release|iPhoneSimulator.ActiveCfg = Release|iPhoneSimulator
		{B2AF6FEE-C652-47C9-8BD0-E03228335C8A}.Release|iPhoneSimulator.Build.0 = Release|iPhoneSimulator
		{B564F8F1-CFC0-4109-834D-1777A9BA5706}.Ad-Hoc|Any CPU.ActiveCfg = Release|Any CPU
		{B564F8F1-CFC0-4109-834D-1777A9BA5706}.Ad-Hoc|iPhone.ActiveCfg = Debug|Any CPU
		{B564F8F1-CFC0-4109-834D-1777A9BA5706}.Ad-Hoc|iPhone.Build.0 = Debug|Any CPU
		{B564F8F1-CFC0-4109-834D-1777A9BA5706}.Ad-Hoc|iPhoneSimulator.ActiveCfg = Release|Any CPU
		{B564F8F1-CFC0-4109-834D-1777A9BA5706}.AppStore|Any CPU.ActiveCfg = Release|Any CPU
		{B564F8F1-CFC0-4109-834D-1777A9BA5706}.AppStore|iPhone.ActiveCfg = Debug|Any CPU
		{B564F8F1-CFC0-4109-834D-1777A9BA5706}.AppStore|iPhone.Build.0 = Debug|Any CPU
		{B564F8F1-CFC0-4109-834D-1777A9BA5706}.AppStore|iPhoneSimulator.ActiveCfg = Release|Any CPU
		{B564F8F1-CFC0-4109-834D-1777A9BA5706}.Debug|Any CPU.ActiveCfg = Debug|Any CPU
		{B564F8F1-CFC0-4109-834D-1777A9BA5706}.Debug|Any CPU.Build.0 = Debug|Any CPU
		{B564F8F1-CFC0-4109-834D-1777A9BA5706}.Debug|iPhone.ActiveCfg = Debug|Any CPU
		{B564F8F1-CFC0-4109-834D-1777A9BA5706}.Debug|iPhone.Build.0 = Debug|Any CPU
		{B564F8F1-CFC0-4109-834D-1777A9BA5706}.Debug|iPhoneSimulator.ActiveCfg = Debug|Any CPU
		{B564F8F1-CFC0-4109-834D-1777A9BA5706}.Debug|iPhoneSimulator.Build.0 = Debug|Any CPU
		{B564F8F1-CFC0-4109-834D-1777A9BA5706}.Default|Any CPU.ActiveCfg = Debug|Any CPU
		{B564F8F1-CFC0-4109-834D-1777A9BA5706}.Default|Any CPU.Build.0 = Debug|Any CPU
		{B564F8F1-CFC0-4109-834D-1777A9BA5706}.Default|iPhone.ActiveCfg = Debug|Any CPU
		{B564F8F1-CFC0-4109-834D-1777A9BA5706}.Default|iPhoneSimulator.ActiveCfg = Debug|Any CPU
		{B564F8F1-CFC0-4109-834D-1777A9BA5706}.Release|Any CPU.ActiveCfg = Release|Any CPU
		{B564F8F1-CFC0-4109-834D-1777A9BA5706}.Release|Any CPU.Build.0 = Release|Any CPU
		{B564F8F1-CFC0-4109-834D-1777A9BA5706}.Release|iPhone.ActiveCfg = Release|Any CPU
		{B564F8F1-CFC0-4109-834D-1777A9BA5706}.Release|iPhone.Build.0 = Release|Any CPU
		{B564F8F1-CFC0-4109-834D-1777A9BA5706}.Release|iPhoneSimulator.ActiveCfg = Release|Any CPU
		{B564F8F1-CFC0-4109-834D-1777A9BA5706}.Release|iPhoneSimulator.Build.0 = Release|Any CPU
		{C39A8E5D-9878-4197-9AA1-495C598CA036}.Ad-Hoc|Any CPU.ActiveCfg = Release|Any CPU
		{C39A8E5D-9878-4197-9AA1-495C598CA036}.Ad-Hoc|Any CPU.Build.0 = Release|Any CPU
		{C39A8E5D-9878-4197-9AA1-495C598CA036}.Ad-Hoc|iPhone.ActiveCfg = Debug|Any CPU
		{C39A8E5D-9878-4197-9AA1-495C598CA036}.Ad-Hoc|iPhone.Build.0 = Debug|Any CPU
		{C39A8E5D-9878-4197-9AA1-495C598CA036}.Ad-Hoc|iPhoneSimulator.ActiveCfg = Release|Any CPU
		{C39A8E5D-9878-4197-9AA1-495C598CA036}.Ad-Hoc|iPhoneSimulator.Build.0 = Release|Any CPU
		{C39A8E5D-9878-4197-9AA1-495C598CA036}.AppStore|Any CPU.ActiveCfg = Release|Any CPU
		{C39A8E5D-9878-4197-9AA1-495C598CA036}.AppStore|Any CPU.Build.0 = Release|Any CPU
		{C39A8E5D-9878-4197-9AA1-495C598CA036}.AppStore|iPhone.ActiveCfg = Debug|Any CPU
		{C39A8E5D-9878-4197-9AA1-495C598CA036}.AppStore|iPhone.Build.0 = Debug|Any CPU
		{C39A8E5D-9878-4197-9AA1-495C598CA036}.AppStore|iPhoneSimulator.ActiveCfg = Release|Any CPU
		{C39A8E5D-9878-4197-9AA1-495C598CA036}.AppStore|iPhoneSimulator.Build.0 = Release|Any CPU
		{C39A8E5D-9878-4197-9AA1-495C598CA036}.Debug|Any CPU.ActiveCfg = Debug|Any CPU
		{C39A8E5D-9878-4197-9AA1-495C598CA036}.Debug|Any CPU.Build.0 = Debug|Any CPU
		{C39A8E5D-9878-4197-9AA1-495C598CA036}.Debug|iPhone.ActiveCfg = Debug|Any CPU
		{C39A8E5D-9878-4197-9AA1-495C598CA036}.Debug|iPhone.Build.0 = Debug|Any CPU
		{C39A8E5D-9878-4197-9AA1-495C598CA036}.Debug|iPhoneSimulator.ActiveCfg = Debug|Any CPU
		{C39A8E5D-9878-4197-9AA1-495C598CA036}.Debug|iPhoneSimulator.Build.0 = Debug|Any CPU
		{C39A8E5D-9878-4197-9AA1-495C598CA036}.Default|Any CPU.ActiveCfg = Debug|Any CPU
		{C39A8E5D-9878-4197-9AA1-495C598CA036}.Default|Any CPU.Build.0 = Debug|Any CPU
		{C39A8E5D-9878-4197-9AA1-495C598CA036}.Default|iPhone.ActiveCfg = Debug|Any CPU
		{C39A8E5D-9878-4197-9AA1-495C598CA036}.Default|iPhone.Build.0 = Debug|Any CPU
		{C39A8E5D-9878-4197-9AA1-495C598CA036}.Default|iPhoneSimulator.ActiveCfg = Debug|Any CPU
		{C39A8E5D-9878-4197-9AA1-495C598CA036}.Default|iPhoneSimulator.Build.0 = Debug|Any CPU
		{C39A8E5D-9878-4197-9AA1-495C598CA036}.Release|Any CPU.ActiveCfg = Release|Any CPU
		{C39A8E5D-9878-4197-9AA1-495C598CA036}.Release|Any CPU.Build.0 = Release|Any CPU
		{C39A8E5D-9878-4197-9AA1-495C598CA036}.Release|iPhone.ActiveCfg = Release|Any CPU
		{C39A8E5D-9878-4197-9AA1-495C598CA036}.Release|iPhone.Build.0 = Release|Any CPU
		{C39A8E5D-9878-4197-9AA1-495C598CA036}.Release|iPhoneSimulator.ActiveCfg = Release|Any CPU
		{C39A8E5D-9878-4197-9AA1-495C598CA036}.Release|iPhoneSimulator.Build.0 = Release|Any CPU
	EndGlobalSection
	GlobalSection(NestedProjects) = preSolution
		{9DDDE951-7DB6-43CA-A603-8A4384AEEA5E} = {35F8BF07-ECB3-438C-84B7-ACF67847700E}
		{0C10E109-E52F-478C-8C9D-D5733CF12E98} = {35F8BF07-ECB3-438C-84B7-ACF67847700E}
		{AF7679D0-A9DE-407F-AA79-46726C54F4A9} = {35F8BF07-ECB3-438C-84B7-ACF67847700E}
		{19804015-C118-4438-9DB8-90E904F26840} = {35F8BF07-ECB3-438C-84B7-ACF67847700E}
		{C39A8E5D-9878-4197-9AA1-495C598CA036} = {35F8BF07-ECB3-438C-84B7-ACF67847700E}
		{B564F8F1-CFC0-4109-834D-1777A9BA5706} = {35F8BF07-ECB3-438C-84B7-ACF67847700E}
		{3296F3DE-89D1-4B00-8031-E17A62AFD039} = {35F8BF07-ECB3-438C-84B7-ACF67847700E}
		{67CE0F66-29EE-4083-BE1D-4D32352C7BCB} = {35F8BF07-ECB3-438C-84B7-ACF67847700E}
		{ACF10DC9-CAA4-4A24-884E-A0EEFB221F95} = {05BDF4B4-02A5-407A-AAF2-87DE3AAFBBB7}
		{00DD8DB4-E43F-4F0B-A1BE-B970E5BA9235} = {05BDF4B4-02A5-407A-AAF2-87DE3AAFBBB7}
		{3E68EA85-423E-4FBA-A702-F02C0ECBC2FC} = {ACF10DC9-CAA4-4A24-884E-A0EEFB221F95}
		{7A860653-AD24-4505-94A2-39BF81925C5E} = {ACF10DC9-CAA4-4A24-884E-A0EEFB221F95}
		{565DCE74-E600-4468-B92E-056CABC831DB} = {ACF10DC9-CAA4-4A24-884E-A0EEFB221F95}
		{1C676E36-1D6B-4584-8611-A1908A3AF68C} = {ACF10DC9-CAA4-4A24-884E-A0EEFB221F95}
		{52EDFDF7-47AA-4B86-9D4B-D324D18E7201} = {00DD8DB4-E43F-4F0B-A1BE-B970E5BA9235}
		{81DED26B-9521-40C7-B4F2-86B877CB550E} = {00DD8DB4-E43F-4F0B-A1BE-B970E5BA9235}
		{B2AF6FEE-C652-47C9-8BD0-E03228335C8A} = {00DD8DB4-E43F-4F0B-A1BE-B970E5BA9235}
		{8204A504-96BC-47B3-93B5-4B5861762A47} = {00DD8DB4-E43F-4F0B-A1BE-B970E5BA9235}
	EndGlobalSection
	GlobalSection(MonoDevelopProperties) = preSolution
		StartupItem = PiggySync.MonoMacGui\PiggySync.MonoMacGui.csproj
		Policies = $0
		$0.DotNetNamingPolicy = $1
		$1.DirectoryNamespaceAssociation = None
		$1.ResourceNamePolicy = FileFormatDefault
		$0.StandardHeader = $2
		$2.Text = 
		$2.IncludeInNewFiles = True
		$0.NameConventionPolicy = $3
		$3.Rules = $4
		$4.NamingRule = $5
		$5.AffectedEntity = None
		$5.VisibilityMask = VisibilityMask
		$5.NamingStyle = None
		$5.IncludeInstanceMembers = True
		$5.IncludeStaticEntities = True
		version = 0.5
	EndGlobalSection
	GlobalSection(SharedMSBuildProjectFiles) = preSolution
		PiggySync.GuiShared\PiggySync.GuiShared.projitems*{565dce74-e600-4468-b92e-056cabc831db}*SharedItemsImports = 4
		PiggySync.GuiShared\PiggySync.GuiShared.projitems*{67ce0f66-29ee-4083-be1d-4d32352c7bcb}*SharedItemsImports = 13
	EndGlobalSection
	GlobalSection(SolutionProperties) = preSolution
		HideSolutionNode = FALSE
	EndGlobalSection
EndGlobal
