
Microsoft Visual Studio Solution File, Format Version 12.00
# Visual Studio 2012
Project("{2150E333-8FDC-42A3-9474-1A3956D46DE8}") = "Common", "Common", "{35F8BF07-ECB3-438C-84B7-ACF67847700E}"
EndProject
Project("{FAE04EC0-301F-11D3-BF4B-00C04F79EFBC}") = "PiggySync.Common", "PiggySync.Common\PiggySync.Common.csproj", "{9DDDE951-7DB6-43CA-A603-8A4384AEEA5E}"
EndProject
Project("{FAE04EC0-301F-11D3-BF4B-00C04F79EFBC}") = "PiggySync.Core", "PiggySync.Core\PiggySync.Core.csproj", "{0C10E109-E52F-478C-8C9D-D5733CF12E98}"
EndProject
Project("{FAE04EC0-301F-11D3-BF4B-00C04F79EFBC}") = "PiggySync.Domain", "PiggySync.Domain\PiggySync.Domain.csproj", "{AF7679D0-A9DE-407F-AA79-46726C54F4A9}"
EndProject
Project("{FAE04EC0-301F-11D3-BF4B-00C04F79EFBC}") = "PiggySync.LogManager", "PiggySync.LogManager\PiggySync.LogManager.csproj", "{19804015-C118-4438-9DB8-90E904F26840}"
EndProject
Project("{FAE04EC0-301F-11D3-BF4B-00C04F79EFBC}") = "PiggySync.Model", "PiggySync.Model\PiggySync.Model.csproj", "{C39A8E5D-9878-4197-9AA1-495C598CA036}"
EndProject
Project("{FAE04EC0-301F-11D3-BF4B-00C04F79EFBC}") = "PiggySync.Tests", "PiggySync.Tests\PiggySync.Tests.csproj", "{B564F8F1-CFC0-4109-834D-1777A9BA5706}"
EndProject
Project("{FAE04EC0-301F-11D3-BF4B-00C04F79EFBC}") = "PiggySync.FileMerger", "PiggySync.FileMerger\PiggySync.FileMerger.csproj", "{3296F3DE-89D1-4B00-8031-E17A62AFD039}"
EndProject
Project("{FAE04EC0-301F-11D3-BF4B-00C04F79EFBC}") = "GuiCommon", "GuiCommon\GuiCommon.csproj", "{8A37FDCD-551D-4BEB-9F85-8542A1485F84}"
EndProject
Project("{2150E333-8FDC-42A3-9474-1A3956D46DE8}") = "Platforms", "Platforms", "{05BDF4B4-02A5-407A-AAF2-87DE3AAFBBB7}"
EndProject
Project("{2150E333-8FDC-42A3-9474-1A3956D46DE8}") = "Desktop", "Desktop", "{ACF10DC9-CAA4-4A24-884E-A0EEFB221F95}"
EndProject
Project("{FAE04EC0-301F-11D3-BF4B-00C04F79EFBC}") = "PiggySync.DesktopFileWather", "PiggySync.DesktopFileWather\PiggySync.DesktopFileWather.csproj", "{3E68EA85-423E-4FBA-A702-F02C0ECBC2FC}"
EndProject
Project("{FAE04EC0-301F-11D3-BF4B-00C04F79EFBC}") = "PiggySync.GtkGui", "PiggySync.GtkGui\PiggySync.GtkGui.csproj", "{2E02DDCB-C2E6-470F-92D5-A9811CEFF743}"
EndProject
Project("{FAE04EC0-301F-11D3-BF4B-00C04F79EFBC}") = "PiggySync.MacApp", "PiggySync.MacApp\PiggySync.MacApp.csproj", "{2CF6D888-9DA2-4D32-A96D-6002F0FFED19}"
EndProject
Project("{2150E333-8FDC-42A3-9474-1A3956D46DE8}") = "Mobile", "Mobile", "{00DD8DB4-E43F-4F0B-A1BE-B970E5BA9235}"
EndProject
Project("{FAE04EC0-301F-11D3-BF4B-00C04F79EFBC}") = "PiggySync.AndroidFileWatcher", "PiggySync.AndroidFileWatcher\PiggySync.AndroidFileWatcher.csproj", "{52EDFDF7-47AA-4B86-9D4B-D324D18E7201}"
EndProject
Project("{FAE04EC0-301F-11D3-BF4B-00C04F79EFBC}") = "PiggySync.MobileApp", "PiggySync.MobileApp\PiggySync.MobileApp.csproj", "{81DED26B-9521-40C7-B4F2-86B877CB550E}"
EndProject
Global
	GlobalSection(SolutionConfigurationPlatforms) = preSolution
		Ad-Hoc|Any CPU = Ad-Hoc|Any CPU
		Ad-Hoc|iPhone = Ad-Hoc|iPhone
		Ad-Hoc|iPhoneSimulator = Ad-Hoc|iPhoneSimulator
		AppStore|Any CPU = AppStore|Any CPU
		AppStore|iPhone = AppStore|iPhone
		AppStore|iPhoneSimulator = AppStore|iPhoneSimulator
		Debug|Any CPU = Debug|Any CPU
		Debug|iPhone = Debug|iPhone
		Debug|iPhoneSimulator = Debug|iPhoneSimulator
		Default|Any CPU = Default|Any CPU
		Default|iPhone = Default|iPhone
		Default|iPhoneSimulator = Default|iPhoneSimulator
		Release|Any CPU = Release|Any CPU
		Release|iPhone = Release|iPhone
		Release|iPhoneSimulator = Release|iPhoneSimulator
	EndGlobalSection
	GlobalSection(ProjectConfigurationPlatforms) = postSolution
		{9DDDE951-7DB6-43CA-A603-8A4384AEEA5E}.Ad-Hoc|Any CPU.ActiveCfg = Release|Any CPU
		{9DDDE951-7DB6-43CA-A603-8A4384AEEA5E}.Ad-Hoc|Any CPU.Build.0 = Release|Any CPU
		{9DDDE951-7DB6-43CA-A603-8A4384AEEA5E}.Ad-Hoc|iPhone.ActiveCfg = Debug|Any CPU
		{9DDDE951-7DB6-43CA-A603-8A4384AEEA5E}.Ad-Hoc|iPhone.Build.0 = Debug|Any CPU
		{9DDDE951-7DB6-43CA-A603-8A4384AEEA5E}.Ad-Hoc|iPhoneSimulator.ActiveCfg = Release|Any CPU
		{9DDDE951-7DB6-43CA-A603-8A4384AEEA5E}.Ad-Hoc|iPhoneSimulator.Build.0 = Release|Any CPU
		{9DDDE951-7DB6-43CA-A603-8A4384AEEA5E}.AppStore|Any CPU.ActiveCfg = Release|Any CPU
		{9DDDE951-7DB6-43CA-A603-8A4384AEEA5E}.AppStore|Any CPU.Build.0 = Release|Any CPU
		{9DDDE951-7DB6-43CA-A603-8A4384AEEA5E}.AppStore|iPhone.ActiveCfg = Debug|Any CPU
		{9DDDE951-7DB6-43CA-A603-8A4384AEEA5E}.AppStore|iPhone.Build.0 = Debug|Any CPU
		{9DDDE951-7DB6-43CA-A603-8A4384AEEA5E}.AppStore|iPhoneSimulator.ActiveCfg = Release|Any CPU
		{9DDDE951-7DB6-43CA-A603-8A4384AEEA5E}.AppStore|iPhoneSimulator.Build.0 = Release|Any CPU
		{9DDDE951-7DB6-43CA-A603-8A4384AEEA5E}.Debug|Any CPU.ActiveCfg = Debug|Any CPU
		{9DDDE951-7DB6-43CA-A603-8A4384AEEA5E}.Debug|Any CPU.Build.0 = Debug|Any CPU
		{9DDDE951-7DB6-43CA-A603-8A4384AEEA5E}.Debug|iPhone.ActiveCfg = Debug|Any CPU
		{9DDDE951-7DB6-43CA-A603-8A4384AEEA5E}.Debug|iPhone.Build.0 = Debug|Any CPU
		{9DDDE951-7DB6-43CA-A603-8A4384AEEA5E}.Debug|iPhoneSimulator.ActiveCfg = Debug|Any CPU
		{9DDDE951-7DB6-43CA-A603-8A4384AEEA5E}.Debug|iPhoneSimulator.Build.0 = Debug|Any CPU
		{9DDDE951-7DB6-43CA-A603-8A4384AEEA5E}.Default|Any CPU.ActiveCfg = Debug|Any CPU
		{9DDDE951-7DB6-43CA-A603-8A4384AEEA5E}.Default|Any CPU.Build.0 = Debug|Any CPU
		{9DDDE951-7DB6-43CA-A603-8A4384AEEA5E}.Default|iPhone.ActiveCfg = Debug|Any CPU
		{9DDDE951-7DB6-43CA-A603-8A4384AEEA5E}.Default|iPhone.Build.0 = Debug|Any CPU
		{9DDDE951-7DB6-43CA-A603-8A4384AEEA5E}.Default|iPhoneSimulator.ActiveCfg = Debug|Any CPU
		{9DDDE951-7DB6-43CA-A603-8A4384AEEA5E}.Default|iPhoneSimulator.Build.0 = Debug|Any CPU
		{9DDDE951-7DB6-43CA-A603-8A4384AEEA5E}.Release|Any CPU.ActiveCfg = Release|Any CPU
		{9DDDE951-7DB6-43CA-A603-8A4384AEEA5E}.Release|Any CPU.Build.0 = Release|Any CPU
		{9DDDE951-7DB6-43CA-A603-8A4384AEEA5E}.Release|iPhone.ActiveCfg = Release|Any CPU
		{9DDDE951-7DB6-43CA-A603-8A4384AEEA5E}.Release|iPhone.Build.0 = Release|Any CPU
		{9DDDE951-7DB6-43CA-A603-8A4384AEEA5E}.Release|iPhoneSimulator.ActiveCfg = Release|Any CPU
		{9DDDE951-7DB6-43CA-A603-8A4384AEEA5E}.Release|iPhoneSimulator.Build.0 = Release|Any CPU
		{0C10E109-E52F-478C-8C9D-D5733CF12E98}.Ad-Hoc|Any CPU.ActiveCfg = Release|Any CPU
		{0C10E109-E52F-478C-8C9D-D5733CF12E98}.Ad-Hoc|Any CPU.Build.0 = Release|Any CPU
		{0C10E109-E52F-478C-8C9D-D5733CF12E98}.Ad-Hoc|iPhone.ActiveCfg = Debug|Any CPU
		{0C10E109-E52F-478C-8C9D-D5733CF12E98}.Ad-Hoc|iPhone.Build.0 = Debug|Any CPU
		{0C10E109-E52F-478C-8C9D-D5733CF12E98}.Ad-Hoc|iPhoneSimulator.ActiveCfg = Release|Any CPU
		{0C10E109-E52F-478C-8C9D-D5733CF12E98}.AppStore|Any CPU.ActiveCfg = Release|Any CPU
		{0C10E109-E52F-478C-8C9D-D5733CF12E98}.AppStore|Any CPU.Build.0 = Release|Any CPU
		{0C10E109-E52F-478C-8C9D-D5733CF12E98}.AppStore|iPhone.ActiveCfg = Debug|Any CPU
		{0C10E109-E52F-478C-8C9D-D5733CF12E98}.AppStore|iPhone.Build.0 = Debug|Any CPU
		{0C10E109-E52F-478C-8C9D-D5733CF12E98}.AppStore|iPhoneSimulator.ActiveCfg = Release|Any CPU
		{0C10E109-E52F-478C-8C9D-D5733CF12E98}.Debug|Any CPU.ActiveCfg = Debug|Any CPU
		{0C10E109-E52F-478C-8C9D-D5733CF12E98}.Debug|Any CPU.Build.0 = Debug|Any CPU
		{0C10E109-E52F-478C-8C9D-D5733CF12E98}.Debug|iPhone.ActiveCfg = Debug|Any CPU
		{0C10E109-E52F-478C-8C9D-D5733CF12E98}.Debug|iPhone.Build.0 = Debug|Any CPU
		{0C10E109-E52F-478C-8C9D-D5733CF12E98}.Debug|iPhoneSimulator.ActiveCfg = Debug|Any CPU
		{0C10E109-E52F-478C-8C9D-D5733CF12E98}.Debug|iPhoneSimulator.Build.0 = Debug|Any CPU
		{0C10E109-E52F-478C-8C9D-D5733CF12E98}.Default|Any CPU.ActiveCfg = Debug|Any CPU
		{0C10E109-E52F-478C-8C9D-D5733CF12E98}.Default|Any CPU.Build.0 = Debug|Any CPU
		{0C10E109-E52F-478C-8C9D-D5733CF12E98}.Default|iPhone.ActiveCfg = Debug|Any CPU
		{0C10E109-E52F-478C-8C9D-D5733CF12E98}.Default|iPhoneSimulator.ActiveCfg = Debug|Any CPU
		{0C10E109-E52F-478C-8C9D-D5733CF12E98}.Release|Any CPU.ActiveCfg = Release|Any CPU
		{0C10E109-E52F-478C-8C9D-D5733CF12E98}.Release|Any CPU.Build.0 = Release|Any CPU
		{0C10E109-E52F-478C-8C9D-D5733CF12E98}.Release|iPhone.ActiveCfg = Release|Any CPU
		{0C10E109-E52F-478C-8C9D-D5733CF12E98}.Release|iPhone.Build.0 = Release|Any CPU
		{0C10E109-E52F-478C-8C9D-D5733CF12E98}.Release|iPhoneSimulator.ActiveCfg = Release|Any CPU
		{0C10E109-E52F-478C-8C9D-D5733CF12E98}.Release|iPhoneSimulator.Build.0 = Release|Any CPU
		{AF7679D0-A9DE-407F-AA79-46726C54F4A9}.Ad-Hoc|Any CPU.ActiveCfg = Release|Any CPU
		{AF7679D0-A9DE-407F-AA79-46726C54F4A9}.Ad-Hoc|Any CPU.Build.0 = Release|Any CPU
		{AF7679D0-A9DE-407F-AA79-46726C54F4A9}.Ad-Hoc|iPhone.ActiveCfg = Debug|Any CPU
		{AF7679D0-A9DE-407F-AA79-46726C54F4A9}.Ad-Hoc|iPhone.Build.0 = Debug|Any CPU
		{AF7679D0-A9DE-407F-AA79-46726C54F4A9}.Ad-Hoc|iPhoneSimulator.ActiveCfg = Release|Any CPU
		{AF7679D0-A9DE-407F-AA79-46726C54F4A9}.AppStore|Any CPU.ActiveCfg = Release|Any CPU
		{AF7679D0-A9DE-407F-AA79-46726C54F4A9}.AppStore|Any CPU.Build.0 = Release|Any CPU
		{AF7679D0-A9DE-407F-AA79-46726C54F4A9}.AppStore|iPhone.ActiveCfg = Debug|Any CPU
		{AF7679D0-A9DE-407F-AA79-46726C54F4A9}.AppStore|iPhone.Build.0 = Debug|Any CPU
		{AF7679D0-A9DE-407F-AA79-46726C54F4A9}.AppStore|iPhoneSimulator.ActiveCfg = Release|Any CPU
		{AF7679D0-A9DE-407F-AA79-46726C54F4A9}.Debug|Any CPU.ActiveCfg = Debug|Any CPU
		{AF7679D0-A9DE-407F-AA79-46726C54F4A9}.Debug|Any CPU.Build.0 = Debug|Any CPU
		{AF7679D0-A9DE-407F-AA79-46726C54F4A9}.Debug|iPhone.ActiveCfg = Debug|Any CPU
		{AF7679D0-A9DE-407F-AA79-46726C54F4A9}.Debug|iPhone.Build.0 = Debug|Any CPU
		{AF7679D0-A9DE-407F-AA79-46726C54F4A9}.Debug|iPhoneSimulator.ActiveCfg = Debug|Any CPU
		{AF7679D0-A9DE-407F-AA79-46726C54F4A9}.Debug|iPhoneSimulator.Build.0 = Debug|Any CPU
		{AF7679D0-A9DE-407F-AA79-46726C54F4A9}.Default|Any CPU.ActiveCfg = Debug|Any CPU
		{AF7679D0-A9DE-407F-AA79-46726C54F4A9}.Default|Any CPU.Build.0 = Debug|Any CPU
		{AF7679D0-A9DE-407F-AA79-46726C54F4A9}.Default|iPhone.ActiveCfg = Debug|Any CPU
		{AF7679D0-A9DE-407F-AA79-46726C54F4A9}.Default|iPhoneSimulator.ActiveCfg = Debug|Any CPU
		{AF7679D0-A9DE-407F-AA79-46726C54F4A9}.Release|Any CPU.ActiveCfg = Release|Any CPU
		{AF7679D0-A9DE-407F-AA79-46726C54F4A9}.Release|Any CPU.Build.0 = Release|Any CPU
		{AF7679D0-A9DE-407F-AA79-46726C54F4A9}.Release|iPhone.ActiveCfg = Release|Any CPU
		{AF7679D0-A9DE-407F-AA79-46726C54F4A9}.Release|iPhone.Build.0 = Release|Any CPU
		{AF7679D0-A9DE-407F-AA79-46726C54F4A9}.Release|iPhoneSimulator.ActiveCfg = Release|Any CPU
		{AF7679D0-A9DE-407F-AA79-46726C54F4A9}.Release|iPhoneSimulator.Build.0 = Release|Any CPU
		{19804015-C118-4438-9DB8-90E904F26840}.Ad-Hoc|Any CPU.ActiveCfg = Release|Any CPU
		{19804015-C118-4438-9DB8-90E904F26840}.Ad-Hoc|Any CPU.Build.0 = Release|Any CPU
		{19804015-C118-4438-9DB8-90E904F26840}.Ad-Hoc|iPhone.ActiveCfg = Debug|Any CPU
		{19804015-C118-4438-9DB8-90E904F26840}.Ad-Hoc|iPhone.Build.0 = Debug|Any CPU
		{19804015-C118-4438-9DB8-90E904F26840}.Ad-Hoc|iPhoneSimulator.ActiveCfg = Release|Any CPU
		{19804015-C118-4438-9DB8-90E904F26840}.Ad-Hoc|iPhoneSimulator.Build.0 = Release|Any CPU
		{19804015-C118-4438-9DB8-90E904F26840}.AppStore|Any CPU.ActiveCfg = Release|Any CPU
		{19804015-C118-4438-9DB8-90E904F26840}.AppStore|Any CPU.Build.0 = Release|Any CPU
		{19804015-C118-4438-9DB8-90E904F26840}.AppStore|iPhone.ActiveCfg = Debug|Any CPU
		{19804015-C118-4438-9DB8-90E904F26840}.AppStore|iPhone.Build.0 = Debug|Any CPU
		{19804015-C118-4438-9DB8-90E904F26840}.AppStore|iPhoneSimulator.ActiveCfg = Release|Any CPU
		{19804015-C118-4438-9DB8-90E904F26840}.AppStore|iPhoneSimulator.Build.0 = Release|Any CPU
		{19804015-C118-4438-9DB8-90E904F26840}.Debug|Any CPU.ActiveCfg = Debug|Any CPU
		{19804015-C118-4438-9DB8-90E904F26840}.Debug|Any CPU.Build.0 = Debug|Any CPU
		{19804015-C118-4438-9DB8-90E904F26840}.Debug|iPhone.ActiveCfg = Debug|Any CPU
		{19804015-C118-4438-9DB8-90E904F26840}.Debug|iPhone.Build.0 = Debug|Any CPU
		{19804015-C118-4438-9DB8-90E904F26840}.Debug|iPhoneSimulator.ActiveCfg = Debug|Any CPU
		{19804015-C118-4438-9DB8-90E904F26840}.Debug|iPhoneSimulator.Build.0 = Debug|Any CPU
		{19804015-C118-4438-9DB8-90E904F26840}.Default|Any CPU.ActiveCfg = Debug|Any CPU
		{19804015-C118-4438-9DB8-90E904F26840}.Default|Any CPU.Build.0 = Debug|Any CPU
		{19804015-C118-4438-9DB8-90E904F26840}.Default|iPhone.ActiveCfg = Debug|Any CPU
		{19804015-C118-4438-9DB8-90E904F26840}.Default|iPhone.Build.0 = Debug|Any CPU
		{19804015-C118-4438-9DB8-90E904F26840}.Default|iPhoneSimulator.ActiveCfg = Debug|Any CPU
		{19804015-C118-4438-9DB8-90E904F26840}.Default|iPhoneSimulator.Build.0 = Debug|Any CPU
		{19804015-C118-4438-9DB8-90E904F26840}.Release|Any CPU.ActiveCfg = Release|Any CPU
		{19804015-C118-4438-9DB8-90E904F26840}.Release|Any CPU.Build.0 = Release|Any CPU
		{19804015-C118-4438-9DB8-90E904F26840}.Release|iPhone.ActiveCfg = Release|Any CPU
		{19804015-C118-4438-9DB8-90E904F26840}.Release|iPhone.Build.0 = Release|Any CPU
		{19804015-C118-4438-9DB8-90E904F26840}.Release|iPhoneSimulator.ActiveCfg = Release|Any CPU
		{19804015-C118-4438-9DB8-90E904F26840}.Release|iPhoneSimulator.Build.0 = Release|Any CPU
		{C39A8E5D-9878-4197-9AA1-495C598CA036}.Ad-Hoc|Any CPU.ActiveCfg = Release|Any CPU
		{C39A8E5D-9878-4197-9AA1-495C598CA036}.Ad-Hoc|Any CPU.Build.0 = Release|Any CPU
		{C39A8E5D-9878-4197-9AA1-495C598CA036}.Ad-Hoc|iPhone.ActiveCfg = Debug|Any CPU
		{C39A8E5D-9878-4197-9AA1-495C598CA036}.Ad-Hoc|iPhone.Build.0 = Debug|Any CPU
		{C39A8E5D-9878-4197-9AA1-495C598CA036}.Ad-Hoc|iPhoneSimulator.ActiveCfg = Release|Any CPU
		{C39A8E5D-9878-4197-9AA1-495C598CA036}.Ad-Hoc|iPhoneSimulator.Build.0 = Release|Any CPU
		{C39A8E5D-9878-4197-9AA1-495C598CA036}.AppStore|Any CPU.ActiveCfg = Release|Any CPU
		{C39A8E5D-9878-4197-9AA1-495C598CA036}.AppStore|Any CPU.Build.0 = Release|Any CPU
		{C39A8E5D-9878-4197-9AA1-495C598CA036}.AppStore|iPhone.ActiveCfg = Debug|Any CPU
		{C39A8E5D-9878-4197-9AA1-495C598CA036}.AppStore|iPhone.Build.0 = Debug|Any CPU
		{C39A8E5D-9878-4197-9AA1-495C598CA036}.AppStore|iPhoneSimulator.ActiveCfg = Release|Any CPU
		{C39A8E5D-9878-4197-9AA1-495C598CA036}.AppStore|iPhoneSimulator.Build.0 = Release|Any CPU
		{C39A8E5D-9878-4197-9AA1-495C598CA036}.Debug|Any CPU.ActiveCfg = Debug|Any CPU
		{C39A8E5D-9878-4197-9AA1-495C598CA036}.Debug|Any CPU.Build.0 = Debug|Any CPU
		{C39A8E5D-9878-4197-9AA1-495C598CA036}.Debug|iPhone.ActiveCfg = Debug|Any CPU
		{C39A8E5D-9878-4197-9AA1-495C598CA036}.Debug|iPhone.Build.0 = Debug|Any CPU
		{C39A8E5D-9878-4197-9AA1-495C598CA036}.Debug|iPhoneSimulator.ActiveCfg = Debug|Any CPU
		{C39A8E5D-9878-4197-9AA1-495C598CA036}.Debug|iPhoneSimulator.Build.0 = Debug|Any CPU
		{C39A8E5D-9878-4197-9AA1-495C598CA036}.Default|Any CPU.ActiveCfg = Debug|Any CPU
		{C39A8E5D-9878-4197-9AA1-495C598CA036}.Default|Any CPU.Build.0 = Debug|Any CPU
		{C39A8E5D-9878-4197-9AA1-495C598CA036}.Default|iPhone.ActiveCfg = Debug|Any CPU
		{C39A8E5D-9878-4197-9AA1-495C598CA036}.Default|iPhone.Build.0 = Debug|Any CPU
		{C39A8E5D-9878-4197-9AA1-495C598CA036}.Default|iPhoneSimulator.ActiveCfg = Debug|Any CPU
		{C39A8E5D-9878-4197-9AA1-495C598CA036}.Default|iPhoneSimulator.Build.0 = Debug|Any CPU
		{C39A8E5D-9878-4197-9AA1-495C598CA036}.Release|Any CPU.ActiveCfg = Release|Any CPU
		{C39A8E5D-9878-4197-9AA1-495C598CA036}.Release|Any CPU.Build.0 = Release|Any CPU
		{C39A8E5D-9878-4197-9AA1-495C598CA036}.Release|iPhone.ActiveCfg = Release|Any CPU
		{C39A8E5D-9878-4197-9AA1-495C598CA036}.Release|iPhone.Build.0 = Release|Any CPU
		{C39A8E5D-9878-4197-9AA1-495C598CA036}.Release|iPhoneSimulator.ActiveCfg = Release|Any CPU
		{C39A8E5D-9878-4197-9AA1-495C598CA036}.Release|iPhoneSimulator.Build.0 = Release|Any CPU
		{B564F8F1-CFC0-4109-834D-1777A9BA5706}.Ad-Hoc|Any CPU.ActiveCfg = Release|Any CPU
		{B564F8F1-CFC0-4109-834D-1777A9BA5706}.Ad-Hoc|iPhone.ActiveCfg = Debug|Any CPU
		{B564F8F1-CFC0-4109-834D-1777A9BA5706}.Ad-Hoc|iPhone.Build.0 = Debug|Any CPU
		{B564F8F1-CFC0-4109-834D-1777A9BA5706}.Ad-Hoc|iPhoneSimulator.ActiveCfg = Release|Any CPU
		{B564F8F1-CFC0-4109-834D-1777A9BA5706}.AppStore|Any CPU.ActiveCfg = Release|Any CPU
		{B564F8F1-CFC0-4109-834D-1777A9BA5706}.AppStore|iPhone.ActiveCfg = Debug|Any CPU
		{B564F8F1-CFC0-4109-834D-1777A9BA5706}.AppStore|iPhone.Build.0 = Debug|Any CPU
		{B564F8F1-CFC0-4109-834D-1777A9BA5706}.AppStore|iPhoneSimulator.ActiveCfg = Release|Any CPU
		{B564F8F1-CFC0-4109-834D-1777A9BA5706}.Debug|Any CPU.ActiveCfg = Debug|Any CPU
		{B564F8F1-CFC0-4109-834D-1777A9BA5706}.Debug|Any CPU.Build.0 = Debug|Any CPU
		{B564F8F1-CFC0-4109-834D-1777A9BA5706}.Debug|iPhone.ActiveCfg = Debug|Any CPU
		{B564F8F1-CFC0-4109-834D-1777A9BA5706}.Debug|iPhone.Build.0 = Debug|Any CPU
		{B564F8F1-CFC0-4109-834D-1777A9BA5706}.Debug|iPhoneSimulator.ActiveCfg = Debug|Any CPU
		{B564F8F1-CFC0-4109-834D-1777A9BA5706}.Debug|iPhoneSimulator.Build.0 = Debug|Any CPU
		{B564F8F1-CFC0-4109-834D-1777A9BA5706}.Default|Any CPU.ActiveCfg = Debug|Any CPU
		{B564F8F1-CFC0-4109-834D-1777A9BA5706}.Default|Any CPU.Build.0 = Debug|Any CPU
		{B564F8F1-CFC0-4109-834D-1777A9BA5706}.Default|iPhone.ActiveCfg = Debug|Any CPU
		{B564F8F1-CFC0-4109-834D-1777A9BA5706}.Default|iPhoneSimulator.ActiveCfg = Debug|Any CPU
		{B564F8F1-CFC0-4109-834D-1777A9BA5706}.Release|Any CPU.ActiveCfg = Release|Any CPU
		{B564F8F1-CFC0-4109-834D-1777A9BA5706}.Release|Any CPU.Build.0 = Release|Any CPU
		{B564F8F1-CFC0-4109-834D-1777A9BA5706}.Release|iPhone.ActiveCfg = Release|Any CPU
		{B564F8F1-CFC0-4109-834D-1777A9BA5706}.Release|iPhone.Build.0 = Release|Any CPU
		{B564F8F1-CFC0-4109-834D-1777A9BA5706}.Release|iPhoneSimulator.ActiveCfg = Release|Any CPU
		{B564F8F1-CFC0-4109-834D-1777A9BA5706}.Release|iPhoneSimulator.Build.0 = Release|Any CPU
		{3296F3DE-89D1-4B00-8031-E17A62AFD039}.Ad-Hoc|Any CPU.ActiveCfg = Release|Any CPU
		{3296F3DE-89D1-4B00-8031-E17A62AFD039}.Ad-Hoc|Any CPU.Build.0 = Release|Any CPU
		{3296F3DE-89D1-4B00-8031-E17A62AFD039}.Ad-Hoc|iPhone.ActiveCfg = Debug|Any CPU
		{3296F3DE-89D1-4B00-8031-E17A62AFD039}.Ad-Hoc|iPhone.Build.0 = Debug|Any CPU
		{3296F3DE-89D1-4B00-8031-E17A62AFD039}.Ad-Hoc|iPhoneSimulator.ActiveCfg = Release|Any CPU
		{3296F3DE-89D1-4B00-8031-E17A62AFD039}.Ad-Hoc|iPhoneSimulator.Build.0 = Release|Any CPU
		{3296F3DE-89D1-4B00-8031-E17A62AFD039}.AppStore|Any CPU.ActiveCfg = Release|Any CPU
		{3296F3DE-89D1-4B00-8031-E17A62AFD039}.AppStore|Any CPU.Build.0 = Release|Any CPU
		{3296F3DE-89D1-4B00-8031-E17A62AFD039}.AppStore|iPhone.ActiveCfg = Debug|Any CPU
		{3296F3DE-89D1-4B00-8031-E17A62AFD039}.AppStore|iPhone.Build.0 = Debug|Any CPU
		{3296F3DE-89D1-4B00-8031-E17A62AFD039}.AppStore|iPhoneSimulator.ActiveCfg = Release|Any CPU
		{3296F3DE-89D1-4B00-8031-E17A62AFD039}.AppStore|iPhoneSimulator.Build.0 = Release|Any CPU
		{3296F3DE-89D1-4B00-8031-E17A62AFD039}.Debug|Any CPU.ActiveCfg = Debug|Any CPU
		{3296F3DE-89D1-4B00-8031-E17A62AFD039}.Debug|Any CPU.Build.0 = Debug|Any CPU
		{3296F3DE-89D1-4B00-8031-E17A62AFD039}.Debug|iPhone.ActiveCfg = Debug|Any CPU
		{3296F3DE-89D1-4B00-8031-E17A62AFD039}.Debug|iPhone.Build.0 = Debug|Any CPU
		{3296F3DE-89D1-4B00-8031-E17A62AFD039}.Debug|iPhoneSimulator.ActiveCfg = Debug|Any CPU
		{3296F3DE-89D1-4B00-8031-E17A62AFD039}.Debug|iPhoneSimulator.Build.0 = Debug|Any CPU
		{3296F3DE-89D1-4B00-8031-E17A62AFD039}.Default|Any CPU.ActiveCfg = Debug|Any CPU
		{3296F3DE-89D1-4B00-8031-E17A62AFD039}.Default|Any CPU.Build.0 = Debug|Any CPU
		{3296F3DE-89D1-4B00-8031-E17A62AFD039}.Default|iPhone.ActiveCfg = Debug|Any CPU
		{3296F3DE-89D1-4B00-8031-E17A62AFD039}.Default|iPhone.Build.0 = Debug|Any CPU
		{3296F3DE-89D1-4B00-8031-E17A62AFD039}.Default|iPhoneSimulator.ActiveCfg = Debug|Any CPU
		{3296F3DE-89D1-4B00-8031-E17A62AFD039}.Default|iPhoneSimulator.Build.0 = Debug|Any CPU
		{3296F3DE-89D1-4B00-8031-E17A62AFD039}.Release|Any CPU.ActiveCfg = Release|Any CPU
		{3296F3DE-89D1-4B00-8031-E17A62AFD039}.Release|Any CPU.Build.0 = Release|Any CPU
		{3296F3DE-89D1-4B00-8031-E17A62AFD039}.Release|iPhone.ActiveCfg = Release|Any CPU
		{3296F3DE-89D1-4B00-8031-E17A62AFD039}.Release|iPhone.Build.0 = Release|Any CPU
		{3296F3DE-89D1-4B00-8031-E17A62AFD039}.Release|iPhoneSimulator.ActiveCfg = Release|Any CPU
		{3296F3DE-89D1-4B00-8031-E17A62AFD039}.Release|iPhoneSimulator.Build.0 = Release|Any CPU
		{7ED262DF-9B80-4080-8593-7019B98B01AA}.Ad-Hoc|Any CPU.ActiveCfg = Release|Any CPU
		{7ED262DF-9B80-4080-8593-7019B98B01AA}.Ad-Hoc|Any CPU.Build.0 = Release|Any CPU
		{7ED262DF-9B80-4080-8593-7019B98B01AA}.Ad-Hoc|iPhone.ActiveCfg = Debug|Any CPU
		{7ED262DF-9B80-4080-8593-7019B98B01AA}.Ad-Hoc|iPhone.Build.0 = Debug|Any CPU
		{7ED262DF-9B80-4080-8593-7019B98B01AA}.Ad-Hoc|iPhoneSimulator.ActiveCfg = Release|Any CPU
		{7ED262DF-9B80-4080-8593-7019B98B01AA}.AppStore|Any CPU.ActiveCfg = Release|Any CPU
		{7ED262DF-9B80-4080-8593-7019B98B01AA}.AppStore|Any CPU.Build.0 = Release|Any CPU
		{7ED262DF-9B80-4080-8593-7019B98B01AA}.AppStore|iPhone.ActiveCfg = Debug|Any CPU
		{7ED262DF-9B80-4080-8593-7019B98B01AA}.AppStore|iPhone.Build.0 = Debug|Any CPU
		{7ED262DF-9B80-4080-8593-7019B98B01AA}.AppStore|iPhoneSimulator.ActiveCfg = Release|Any CPU
		{7ED262DF-9B80-4080-8593-7019B98B01AA}.Debug|Any CPU.ActiveCfg = Debug|Any CPU
		{7ED262DF-9B80-4080-8593-7019B98B01AA}.Debug|Any CPU.Build.0 = Debug|Any CPU
		{7ED262DF-9B80-4080-8593-7019B98B01AA}.Debug|iPhone.ActiveCfg = Debug|Any CPU
		{7ED262DF-9B80-4080-8593-7019B98B01AA}.Debug|iPhone.Build.0 = Debug|Any CPU
		{7ED262DF-9B80-4080-8593-7019B98B01AA}.Debug|iPhoneSimulator.ActiveCfg = Debug|Any CPU
		{7ED262DF-9B80-4080-8593-7019B98B01AA}.Debug|iPhoneSimulator.Build.0 = Debug|Any CPU
		{7ED262DF-9B80-4080-8593-7019B98B01AA}.Default|Any CPU.ActiveCfg = Debug|Any CPU
		{7ED262DF-9B80-4080-8593-7019B98B01AA}.Default|Any CPU.Build.0 = Debug|Any CPU
		{7ED262DF-9B80-4080-8593-7019B98B01AA}.Default|iPhone.ActiveCfg = Debug|Any CPU
		{7ED262DF-9B80-4080-8593-7019B98B01AA}.Default|iPhoneSimulator.ActiveCfg = Debug|Any CPU
		{7ED262DF-9B80-4080-8593-7019B98B01AA}.Release|Any CPU.ActiveCfg = Release|Any CPU
		{7ED262DF-9B80-4080-8593-7019B98B01AA}.Release|Any CPU.Build.0 = Release|Any CPU
		{7ED262DF-9B80-4080-8593-7019B98B01AA}.Release|iPhone.ActiveCfg = Release|Any CPU
		{7ED262DF-9B80-4080-8593-7019B98B01AA}.Release|iPhone.Build.0 = Release|Any CPU
		{7ED262DF-9B80-4080-8593-7019B98B01AA}.Release|iPhoneSimulator.ActiveCfg = Release|Any CPU
		{7ED262DF-9B80-4080-8593-7019B98B01AA}.Release|iPhoneSimulator.Build.0 = Release|Any CPU
		{3E68EA85-423E-4FBA-A702-F02C0ECBC2FC}.Ad-Hoc|Any CPU.ActiveCfg = Release|Any CPU
		{3E68EA85-423E-4FBA-A702-F02C0ECBC2FC}.Ad-Hoc|Any CPU.Build.0 = Release|Any CPU
		{3E68EA85-423E-4FBA-A702-F02C0ECBC2FC}.Ad-Hoc|iPhone.ActiveCfg = Debug|Any CPU
		{3E68EA85-423E-4FBA-A702-F02C0ECBC2FC}.Ad-Hoc|iPhone.Build.0 = Debug|Any CPU
		{3E68EA85-423E-4FBA-A702-F02C0ECBC2FC}.Ad-Hoc|iPhoneSimulator.ActiveCfg = Release|Any CPU
		{3E68EA85-423E-4FBA-A702-F02C0ECBC2FC}.Ad-Hoc|iPhoneSimulator.Build.0 = Release|Any CPU
		{3E68EA85-423E-4FBA-A702-F02C0ECBC2FC}.AppStore|Any CPU.ActiveCfg = Release|Any CPU
		{3E68EA85-423E-4FBA-A702-F02C0ECBC2FC}.AppStore|Any CPU.Build.0 = Release|Any CPU
		{3E68EA85-423E-4FBA-A702-F02C0ECBC2FC}.AppStore|iPhone.ActiveCfg = Debug|Any CPU
		{3E68EA85-423E-4FBA-A702-F02C0ECBC2FC}.AppStore|iPhone.Build.0 = Debug|Any CPU
		{3E68EA85-423E-4FBA-A702-F02C0ECBC2FC}.AppStore|iPhoneSimulator.ActiveCfg = Release|Any CPU
		{3E68EA85-423E-4FBA-A702-F02C0ECBC2FC}.AppStore|iPhoneSimulator.Build.0 = Release|Any CPU
		{3E68EA85-423E-4FBA-A702-F02C0ECBC2FC}.Debug|Any CPU.ActiveCfg = Debug|Any CPU
		{3E68EA85-423E-4FBA-A702-F02C0ECBC2FC}.Debug|Any CPU.Build.0 = Debug|Any CPU
		{3E68EA85-423E-4FBA-A702-F02C0ECBC2FC}.Debug|iPhone.ActiveCfg = Debug|Any CPU
		{3E68EA85-423E-4FBA-A702-F02C0ECBC2FC}.Debug|iPhone.Build.0 = Debug|Any CPU
		{3E68EA85-423E-4FBA-A702-F02C0ECBC2FC}.Debug|iPhoneSimulator.ActiveCfg = Debug|Any CPU
		{3E68EA85-423E-4FBA-A702-F02C0ECBC2FC}.Debug|iPhoneSimulator.Build.0 = Debug|Any CPU
		{3E68EA85-423E-4FBA-A702-F02C0ECBC2FC}.Default|Any CPU.ActiveCfg = Debug|Any CPU
		{3E68EA85-423E-4FBA-A702-F02C0ECBC2FC}.Default|Any CPU.Build.0 = Debug|Any CPU
		{3E68EA85-423E-4FBA-A702-F02C0ECBC2FC}.Default|iPhone.ActiveCfg = Debug|Any CPU
		{3E68EA85-423E-4FBA-A702-F02C0ECBC2FC}.Default|iPhone.Build.0 = Debug|Any CPU
		{3E68EA85-423E-4FBA-A702-F02C0ECBC2FC}.Default|iPhoneSimulator.ActiveCfg = Debug|Any CPU
		{3E68EA85-423E-4FBA-A702-F02C0ECBC2FC}.Default|iPhoneSimulator.Build.0 = Debug|Any CPU
		{3E68EA85-423E-4FBA-A702-F02C0ECBC2FC}.Release|Any CPU.ActiveCfg = Release|Any CPU
		{3E68EA85-423E-4FBA-A702-F02C0ECBC2FC}.Release|Any CPU.Build.0 = Release|Any CPU
		{3E68EA85-423E-4FBA-A702-F02C0ECBC2FC}.Release|iPhone.ActiveCfg = Release|Any CPU
		{3E68EA85-423E-4FBA-A702-F02C0ECBC2FC}.Release|iPhone.Build.0 = Release|Any CPU
		{3E68EA85-423E-4FBA-A702-F02C0ECBC2FC}.Release|iPhoneSimulator.ActiveCfg = Release|Any CPU
		{3E68EA85-423E-4FBA-A702-F02C0ECBC2FC}.Release|iPhoneSimulator.Build.0 = Release|Any CPU
		{2E02DDCB-C2E6-470F-92D5-A9811CEFF743}.Ad-Hoc|Any CPU.ActiveCfg = Release|Any CPU
		{2E02DDCB-C2E6-470F-92D5-A9811CEFF743}.Ad-Hoc|Any CPU.Build.0 = Release|Any CPU
		{2E02DDCB-C2E6-470F-92D5-A9811CEFF743}.Ad-Hoc|iPhone.ActiveCfg = Debug|Any CPU
		{2E02DDCB-C2E6-470F-92D5-A9811CEFF743}.Ad-Hoc|iPhone.Build.0 = Debug|Any CPU
		{2E02DDCB-C2E6-470F-92D5-A9811CEFF743}.Ad-Hoc|iPhoneSimulator.ActiveCfg = Release|Any CPU
		{2E02DDCB-C2E6-470F-92D5-A9811CEFF743}.Ad-Hoc|iPhoneSimulator.Build.0 = Release|Any CPU
		{2E02DDCB-C2E6-470F-92D5-A9811CEFF743}.AppStore|Any CPU.ActiveCfg = Release|Any CPU
		{2E02DDCB-C2E6-470F-92D5-A9811CEFF743}.AppStore|Any CPU.Build.0 = Release|Any CPU
		{2E02DDCB-C2E6-470F-92D5-A9811CEFF743}.AppStore|iPhone.ActiveCfg = Debug|Any CPU
		{2E02DDCB-C2E6-470F-92D5-A9811CEFF743}.AppStore|iPhone.Build.0 = Debug|Any CPU
		{2E02DDCB-C2E6-470F-92D5-A9811CEFF743}.AppStore|iPhoneSimulator.ActiveCfg = Release|Any CPU
		{2E02DDCB-C2E6-470F-92D5-A9811CEFF743}.AppStore|iPhoneSimulator.Build.0 = Release|Any CPU
		{2E02DDCB-C2E6-470F-92D5-A9811CEFF743}.Debug|Any CPU.ActiveCfg = Debug|Any CPU
		{2E02DDCB-C2E6-470F-92D5-A9811CEFF743}.Debug|Any CPU.Build.0 = Debug|Any CPU
		{2E02DDCB-C2E6-470F-92D5-A9811CEFF743}.Debug|iPhone.ActiveCfg = Debug|Any CPU
		{2E02DDCB-C2E6-470F-92D5-A9811CEFF743}.Debug|iPhone.Build.0 = Debug|Any CPU
		{2E02DDCB-C2E6-470F-92D5-A9811CEFF743}.Debug|iPhoneSimulator.ActiveCfg = Debug|Any CPU
		{2E02DDCB-C2E6-470F-92D5-A9811CEFF743}.Debug|iPhoneSimulator.Build.0 = Debug|Any CPU
		{2E02DDCB-C2E6-470F-92D5-A9811CEFF743}.Default|Any CPU.ActiveCfg = Debug|Any CPU
		{2E02DDCB-C2E6-470F-92D5-A9811CEFF743}.Default|Any CPU.Build.0 = Debug|Any CPU
		{2E02DDCB-C2E6-470F-92D5-A9811CEFF743}.Default|iPhone.ActiveCfg = Debug|Any CPU
		{2E02DDCB-C2E6-470F-92D5-A9811CEFF743}.Default|iPhone.Build.0 = Debug|Any CPU
		{2E02DDCB-C2E6-470F-92D5-A9811CEFF743}.Default|iPhoneSimulator.ActiveCfg = Debug|Any CPU
		{2E02DDCB-C2E6-470F-92D5-A9811CEFF743}.Default|iPhoneSimulator.Build.0 = Debug|Any CPU
		{2E02DDCB-C2E6-470F-92D5-A9811CEFF743}.Release|Any CPU.ActiveCfg = Release|Any CPU
		{2E02DDCB-C2E6-470F-92D5-A9811CEFF743}.Release|Any CPU.Build.0 = Release|Any CPU
		{2E02DDCB-C2E6-470F-92D5-A9811CEFF743}.Release|iPhone.ActiveCfg = Release|Any CPU
		{2E02DDCB-C2E6-470F-92D5-A9811CEFF743}.Release|iPhone.Build.0 = Release|Any CPU
		{2E02DDCB-C2E6-470F-92D5-A9811CEFF743}.Release|iPhoneSimulator.ActiveCfg = Release|Any CPU
		{2E02DDCB-C2E6-470F-92D5-A9811CEFF743}.Release|iPhoneSimulator.Build.0 = Release|Any CPU
		{2CF6D888-9DA2-4D32-A96D-6002F0FFED19}.Ad-Hoc|Any CPU.ActiveCfg = Release|Any CPU
		{2CF6D888-9DA2-4D32-A96D-6002F0FFED19}.Ad-Hoc|Any CPU.Build.0 = Release|Any CPU
		{2CF6D888-9DA2-4D32-A96D-6002F0FFED19}.Ad-Hoc|iPhone.ActiveCfg = Debug|Any CPU
		{2CF6D888-9DA2-4D32-A96D-6002F0FFED19}.Ad-Hoc|iPhone.Build.0 = Debug|Any CPU
		{2CF6D888-9DA2-4D32-A96D-6002F0FFED19}.Ad-Hoc|iPhoneSimulator.ActiveCfg = Release|Any CPU
		{2CF6D888-9DA2-4D32-A96D-6002F0FFED19}.Ad-Hoc|iPhoneSimulator.Build.0 = Release|Any CPU
		{2CF6D888-9DA2-4D32-A96D-6002F0FFED19}.AppStore|Any CPU.ActiveCfg = AppStore|Any CPU
		{2CF6D888-9DA2-4D32-A96D-6002F0FFED19}.AppStore|Any CPU.Build.0 = AppStore|Any CPU
		{2CF6D888-9DA2-4D32-A96D-6002F0FFED19}.AppStore|iPhone.ActiveCfg = AppStore|Any CPU
		{2CF6D888-9DA2-4D32-A96D-6002F0FFED19}.AppStore|iPhone.Build.0 = AppStore|Any CPU
		{2CF6D888-9DA2-4D32-A96D-6002F0FFED19}.AppStore|iPhoneSimulator.ActiveCfg = AppStore|Any CPU
		{2CF6D888-9DA2-4D32-A96D-6002F0FFED19}.AppStore|iPhoneSimulator.Build.0 = AppStore|Any CPU
		{2CF6D888-9DA2-4D32-A96D-6002F0FFED19}.Debug|Any CPU.ActiveCfg = Debug|Any CPU
		{2CF6D888-9DA2-4D32-A96D-6002F0FFED19}.Debug|Any CPU.Build.0 = Debug|Any CPU
		{2CF6D888-9DA2-4D32-A96D-6002F0FFED19}.Debug|iPhone.ActiveCfg = Debug|Any CPU
		{2CF6D888-9DA2-4D32-A96D-6002F0FFED19}.Debug|iPhone.Build.0 = Debug|Any CPU
		{2CF6D888-9DA2-4D32-A96D-6002F0FFED19}.Debug|iPhoneSimulator.ActiveCfg = Debug|Any CPU
		{2CF6D888-9DA2-4D32-A96D-6002F0FFED19}.Debug|iPhoneSimulator.Build.0 = Debug|Any CPU
		{2CF6D888-9DA2-4D32-A96D-6002F0FFED19}.Default|Any CPU.ActiveCfg = Debug|Any CPU
		{2CF6D888-9DA2-4D32-A96D-6002F0FFED19}.Default|Any CPU.Build.0 = Debug|Any CPU
		{2CF6D888-9DA2-4D32-A96D-6002F0FFED19}.Default|iPhone.ActiveCfg = Debug|Any CPU
		{2CF6D888-9DA2-4D32-A96D-6002F0FFED19}.Default|iPhone.Build.0 = Debug|Any CPU
		{2CF6D888-9DA2-4D32-A96D-6002F0FFED19}.Default|iPhoneSimulator.ActiveCfg = Debug|Any CPU
		{2CF6D888-9DA2-4D32-A96D-6002F0FFED19}.Default|iPhoneSimulator.Build.0 = Debug|Any CPU
		{2CF6D888-9DA2-4D32-A96D-6002F0FFED19}.Release|Any CPU.ActiveCfg = Release|Any CPU
		{2CF6D888-9DA2-4D32-A96D-6002F0FFED19}.Release|Any CPU.Build.0 = Release|Any CPU
		{2CF6D888-9DA2-4D32-A96D-6002F0FFED19}.Release|iPhone.ActiveCfg = Release|Any CPU
		{2CF6D888-9DA2-4D32-A96D-6002F0FFED19}.Release|iPhone.Build.0 = Release|Any CPU
		{2CF6D888-9DA2-4D32-A96D-6002F0FFED19}.Release|iPhoneSimulator.ActiveCfg = Release|Any CPU
		{2CF6D888-9DA2-4D32-A96D-6002F0FFED19}.Release|iPhoneSimulator.Build.0 = Release|Any CPU
		{52EDFDF7-47AA-4B86-9D4B-D324D18E7201}.Ad-Hoc|Any CPU.ActiveCfg = Release|Any CPU
		{52EDFDF7-47AA-4B86-9D4B-D324D18E7201}.Ad-Hoc|Any CPU.Build.0 = Release|Any CPU
		{52EDFDF7-47AA-4B86-9D4B-D324D18E7201}.Ad-Hoc|iPhone.ActiveCfg = Debug|Any CPU
		{52EDFDF7-47AA-4B86-9D4B-D324D18E7201}.Ad-Hoc|iPhone.Build.0 = Debug|Any CPU
		{52EDFDF7-47AA-4B86-9D4B-D324D18E7201}.Ad-Hoc|iPhoneSimulator.ActiveCfg = Release|Any CPU
		{52EDFDF7-47AA-4B86-9D4B-D324D18E7201}.Ad-Hoc|iPhoneSimulator.Build.0 = Release|Any CPU
		{52EDFDF7-47AA-4B86-9D4B-D324D18E7201}.AppStore|Any CPU.ActiveCfg = Release|Any CPU
		{52EDFDF7-47AA-4B86-9D4B-D324D18E7201}.AppStore|Any CPU.Build.0 = Release|Any CPU
		{52EDFDF7-47AA-4B86-9D4B-D324D18E7201}.AppStore|iPhone.ActiveCfg = Debug|Any CPU
		{52EDFDF7-47AA-4B86-9D4B-D324D18E7201}.AppStore|iPhone.Build.0 = Debug|Any CPU
		{52EDFDF7-47AA-4B86-9D4B-D324D18E7201}.AppStore|iPhoneSimulator.ActiveCfg = Release|Any CPU
		{52EDFDF7-47AA-4B86-9D4B-D324D18E7201}.AppStore|iPhoneSimulator.Build.0 = Release|Any CPU
		{52EDFDF7-47AA-4B86-9D4B-D324D18E7201}.Debug|Any CPU.ActiveCfg = Debug|Any CPU
		{52EDFDF7-47AA-4B86-9D4B-D324D18E7201}.Debug|Any CPU.Build.0 = Debug|Any CPU
		{52EDFDF7-47AA-4B86-9D4B-D324D18E7201}.Debug|iPhone.ActiveCfg = Debug|Any CPU
		{52EDFDF7-47AA-4B86-9D4B-D324D18E7201}.Debug|iPhone.Build.0 = Debug|Any CPU
		{52EDFDF7-47AA-4B86-9D4B-D324D18E7201}.Debug|iPhoneSimulator.ActiveCfg = Debug|Any CPU
		{52EDFDF7-47AA-4B86-9D4B-D324D18E7201}.Debug|iPhoneSimulator.Build.0 = Debug|Any CPU
		{52EDFDF7-47AA-4B86-9D4B-D324D18E7201}.Default|Any CPU.ActiveCfg = Debug|Any CPU
		{52EDFDF7-47AA-4B86-9D4B-D324D18E7201}.Default|Any CPU.Build.0 = Debug|Any CPU
		{52EDFDF7-47AA-4B86-9D4B-D324D18E7201}.Default|iPhone.ActiveCfg = Debug|Any CPU
		{52EDFDF7-47AA-4B86-9D4B-D324D18E7201}.Default|iPhone.Build.0 = Debug|Any CPU
		{52EDFDF7-47AA-4B86-9D4B-D324D18E7201}.Default|iPhoneSimulator.ActiveCfg = Debug|Any CPU
		{52EDFDF7-47AA-4B86-9D4B-D324D18E7201}.Default|iPhoneSimulator.Build.0 = Debug|Any CPU
		{52EDFDF7-47AA-4B86-9D4B-D324D18E7201}.Release|Any CPU.ActiveCfg = Release|Any CPU
		{52EDFDF7-47AA-4B86-9D4B-D324D18E7201}.Release|Any CPU.Build.0 = Release|Any CPU
		{52EDFDF7-47AA-4B86-9D4B-D324D18E7201}.Release|iPhone.ActiveCfg = Release|Any CPU
		{52EDFDF7-47AA-4B86-9D4B-D324D18E7201}.Release|iPhone.Build.0 = Release|Any CPU
		{52EDFDF7-47AA-4B86-9D4B-D324D18E7201}.Release|iPhoneSimulator.ActiveCfg = Release|Any CPU
		{52EDFDF7-47AA-4B86-9D4B-D324D18E7201}.Release|iPhoneSimulator.Build.0 = Release|Any CPU
		{81DED26B-9521-40C7-B4F2-86B877CB550E}.Ad-Hoc|Any CPU.ActiveCfg = Release|Any CPU
		{81DED26B-9521-40C7-B4F2-86B877CB550E}.Ad-Hoc|iPhone.ActiveCfg = Debug|Any CPU
		{81DED26B-9521-40C7-B4F2-86B877CB550E}.Ad-Hoc|iPhone.Build.0 = Debug|Any CPU
		{81DED26B-9521-40C7-B4F2-86B877CB550E}.Ad-Hoc|iPhoneSimulator.ActiveCfg = Release|Any CPU
		{81DED26B-9521-40C7-B4F2-86B877CB550E}.AppStore|Any CPU.ActiveCfg = Release|Any CPU
		{81DED26B-9521-40C7-B4F2-86B877CB550E}.AppStore|iPhone.ActiveCfg = Debug|Any CPU
		{81DED26B-9521-40C7-B4F2-86B877CB550E}.AppStore|iPhone.Build.0 = Debug|Any CPU
		{81DED26B-9521-40C7-B4F2-86B877CB550E}.AppStore|iPhoneSimulator.ActiveCfg = Release|Any CPU
		{81DED26B-9521-40C7-B4F2-86B877CB550E}.Debug|Any CPU.ActiveCfg = Debug|Any CPU
		{81DED26B-9521-40C7-B4F2-86B877CB550E}.Debug|Any CPU.Build.0 = Debug|Any CPU
		{81DED26B-9521-40C7-B4F2-86B877CB550E}.Debug|iPhone.ActiveCfg = Debug|Any CPU
		{81DED26B-9521-40C7-B4F2-86B877CB550E}.Debug|iPhone.Build.0 = Debug|Any CPU
		{81DED26B-9521-40C7-B4F2-86B877CB550E}.Debug|iPhoneSimulator.ActiveCfg = Debug|Any CPU
		{81DED26B-9521-40C7-B4F2-86B877CB550E}.Debug|iPhoneSimulator.Build.0 = Debug|Any CPU
		{81DED26B-9521-40C7-B4F2-86B877CB550E}.Default|Any CPU.ActiveCfg = Debug|Any CPU
		{81DED26B-9521-40C7-B4F2-86B877CB550E}.Default|Any CPU.Build.0 = Debug|Any CPU
		{81DED26B-9521-40C7-B4F2-86B877CB550E}.Default|iPhone.ActiveCfg = Debug|Any CPU
		{81DED26B-9521-40C7-B4F2-86B877CB550E}.Default|iPhoneSimulator.ActiveCfg = Debug|Any CPU
		{81DED26B-9521-40C7-B4F2-86B877CB550E}.Release|Any CPU.ActiveCfg = Release|Any CPU
		{81DED26B-9521-40C7-B4F2-86B877CB550E}.Release|Any CPU.Build.0 = Release|Any CPU
		{81DED26B-9521-40C7-B4F2-86B877CB550E}.Release|iPhone.ActiveCfg = Release|Any CPU
		{81DED26B-9521-40C7-B4F2-86B877CB550E}.Release|iPhone.Build.0 = Release|Any CPU
		{81DED26B-9521-40C7-B4F2-86B877CB550E}.Release|iPhoneSimulator.ActiveCfg = Release|Any CPU
		{81DED26B-9521-40C7-B4F2-86B877CB550E}.Release|iPhoneSimulator.Build.0 = Release|Any CPU
<<<<<<< HEAD
		{8A37FDCD-551D-4BEB-9F85-8542A1485F84}.Ad-Hoc|Any CPU.ActiveCfg = Release|Any CPU
		{8A37FDCD-551D-4BEB-9F85-8542A1485F84}.Ad-Hoc|Any CPU.Build.0 = Release|Any CPU
		{8A37FDCD-551D-4BEB-9F85-8542A1485F84}.Ad-Hoc|iPhone.ActiveCfg = Debug|Any CPU
		{8A37FDCD-551D-4BEB-9F85-8542A1485F84}.Ad-Hoc|iPhone.Build.0 = Debug|Any CPU
		{8A37FDCD-551D-4BEB-9F85-8542A1485F84}.Ad-Hoc|iPhoneSimulator.ActiveCfg = Release|Any CPU
		{8A37FDCD-551D-4BEB-9F85-8542A1485F84}.Ad-Hoc|iPhoneSimulator.Build.0 = Release|Any CPU
		{8A37FDCD-551D-4BEB-9F85-8542A1485F84}.AppStore|Any CPU.ActiveCfg = Release|Any CPU
		{8A37FDCD-551D-4BEB-9F85-8542A1485F84}.AppStore|Any CPU.Build.0 = Release|Any CPU
		{8A37FDCD-551D-4BEB-9F85-8542A1485F84}.AppStore|iPhone.ActiveCfg = Debug|Any CPU
		{8A37FDCD-551D-4BEB-9F85-8542A1485F84}.AppStore|iPhone.Build.0 = Debug|Any CPU
		{8A37FDCD-551D-4BEB-9F85-8542A1485F84}.AppStore|iPhoneSimulator.ActiveCfg = Release|Any CPU
		{8A37FDCD-551D-4BEB-9F85-8542A1485F84}.AppStore|iPhoneSimulator.Build.0 = Release|Any CPU
		{8A37FDCD-551D-4BEB-9F85-8542A1485F84}.Debug|Any CPU.ActiveCfg = Debug|Any CPU
		{8A37FDCD-551D-4BEB-9F85-8542A1485F84}.Debug|Any CPU.Build.0 = Debug|Any CPU
		{8A37FDCD-551D-4BEB-9F85-8542A1485F84}.Debug|iPhone.ActiveCfg = Debug|Any CPU
		{8A37FDCD-551D-4BEB-9F85-8542A1485F84}.Debug|iPhone.Build.0 = Debug|Any CPU
		{8A37FDCD-551D-4BEB-9F85-8542A1485F84}.Debug|iPhoneSimulator.ActiveCfg = Debug|Any CPU
		{8A37FDCD-551D-4BEB-9F85-8542A1485F84}.Debug|iPhoneSimulator.Build.0 = Debug|Any CPU
		{8A37FDCD-551D-4BEB-9F85-8542A1485F84}.Default|Any CPU.ActiveCfg = Debug|Any CPU
		{8A37FDCD-551D-4BEB-9F85-8542A1485F84}.Default|Any CPU.Build.0 = Debug|Any CPU
		{8A37FDCD-551D-4BEB-9F85-8542A1485F84}.Default|iPhone.ActiveCfg = Debug|Any CPU
		{8A37FDCD-551D-4BEB-9F85-8542A1485F84}.Default|iPhone.Build.0 = Debug|Any CPU
		{8A37FDCD-551D-4BEB-9F85-8542A1485F84}.Default|iPhoneSimulator.ActiveCfg = Debug|Any CPU
		{8A37FDCD-551D-4BEB-9F85-8542A1485F84}.Default|iPhoneSimulator.Build.0 = Debug|Any CPU
		{8A37FDCD-551D-4BEB-9F85-8542A1485F84}.Release|Any CPU.ActiveCfg = Release|Any CPU
		{8A37FDCD-551D-4BEB-9F85-8542A1485F84}.Release|Any CPU.Build.0 = Release|Any CPU
		{8A37FDCD-551D-4BEB-9F85-8542A1485F84}.Release|iPhone.ActiveCfg = Release|Any CPU
		{8A37FDCD-551D-4BEB-9F85-8542A1485F84}.Release|iPhone.Build.0 = Release|Any CPU
		{8A37FDCD-551D-4BEB-9F85-8542A1485F84}.Release|iPhoneSimulator.ActiveCfg = Release|Any CPU
		{8A37FDCD-551D-4BEB-9F85-8542A1485F84}.Release|iPhoneSimulator.Build.0 = Release|Any CPU
		{9DDDE951-7DB6-43CA-A603-8A4384AEEA5E}.Ad-Hoc|Any CPU.ActiveCfg = Release|Any CPU
		{9DDDE951-7DB6-43CA-A603-8A4384AEEA5E}.Ad-Hoc|Any CPU.Build.0 = Release|Any CPU
		{9DDDE951-7DB6-43CA-A603-8A4384AEEA5E}.Ad-Hoc|iPhone.ActiveCfg = Debug|Any CPU
		{9DDDE951-7DB6-43CA-A603-8A4384AEEA5E}.Ad-Hoc|iPhone.Build.0 = Debug|Any CPU
		{9DDDE951-7DB6-43CA-A603-8A4384AEEA5E}.Ad-Hoc|iPhoneSimulator.ActiveCfg = Release|Any CPU
		{9DDDE951-7DB6-43CA-A603-8A4384AEEA5E}.Ad-Hoc|iPhoneSimulator.Build.0 = Release|Any CPU
		{9DDDE951-7DB6-43CA-A603-8A4384AEEA5E}.AppStore|Any CPU.ActiveCfg = Release|Any CPU
		{9DDDE951-7DB6-43CA-A603-8A4384AEEA5E}.AppStore|Any CPU.Build.0 = Release|Any CPU
		{9DDDE951-7DB6-43CA-A603-8A4384AEEA5E}.AppStore|iPhone.ActiveCfg = Debug|Any CPU
		{9DDDE951-7DB6-43CA-A603-8A4384AEEA5E}.AppStore|iPhone.Build.0 = Debug|Any CPU
		{9DDDE951-7DB6-43CA-A603-8A4384AEEA5E}.AppStore|iPhoneSimulator.ActiveCfg = Release|Any CPU
		{9DDDE951-7DB6-43CA-A603-8A4384AEEA5E}.AppStore|iPhoneSimulator.Build.0 = Release|Any CPU
		{9DDDE951-7DB6-43CA-A603-8A4384AEEA5E}.Debug|Any CPU.ActiveCfg = Debug|Any CPU
		{9DDDE951-7DB6-43CA-A603-8A4384AEEA5E}.Debug|Any CPU.Build.0 = Debug|Any CPU
		{9DDDE951-7DB6-43CA-A603-8A4384AEEA5E}.Debug|iPhone.ActiveCfg = Debug|Any CPU
		{9DDDE951-7DB6-43CA-A603-8A4384AEEA5E}.Debug|iPhone.Build.0 = Debug|Any CPU
		{9DDDE951-7DB6-43CA-A603-8A4384AEEA5E}.Debug|iPhoneSimulator.ActiveCfg = Debug|Any CPU
		{9DDDE951-7DB6-43CA-A603-8A4384AEEA5E}.Debug|iPhoneSimulator.Build.0 = Debug|Any CPU
		{9DDDE951-7DB6-43CA-A603-8A4384AEEA5E}.Default|Any CPU.ActiveCfg = Debug|Any CPU
		{9DDDE951-7DB6-43CA-A603-8A4384AEEA5E}.Default|Any CPU.Build.0 = Debug|Any CPU
		{9DDDE951-7DB6-43CA-A603-8A4384AEEA5E}.Default|iPhone.ActiveCfg = Debug|Any CPU
		{9DDDE951-7DB6-43CA-A603-8A4384AEEA5E}.Default|iPhone.Build.0 = Debug|Any CPU
		{9DDDE951-7DB6-43CA-A603-8A4384AEEA5E}.Default|iPhoneSimulator.ActiveCfg = Debug|Any CPU
		{9DDDE951-7DB6-43CA-A603-8A4384AEEA5E}.Default|iPhoneSimulator.Build.0 = Debug|Any CPU
		{9DDDE951-7DB6-43CA-A603-8A4384AEEA5E}.Release|Any CPU.ActiveCfg = Release|Any CPU
		{9DDDE951-7DB6-43CA-A603-8A4384AEEA5E}.Release|Any CPU.Build.0 = Release|Any CPU
		{9DDDE951-7DB6-43CA-A603-8A4384AEEA5E}.Release|iPhone.ActiveCfg = Release|Any CPU
		{9DDDE951-7DB6-43CA-A603-8A4384AEEA5E}.Release|iPhone.Build.0 = Release|Any CPU
		{9DDDE951-7DB6-43CA-A603-8A4384AEEA5E}.Release|iPhoneSimulator.ActiveCfg = Release|Any CPU
		{9DDDE951-7DB6-43CA-A603-8A4384AEEA5E}.Release|iPhoneSimulator.Build.0 = Release|Any CPU
		{AF7679D0-A9DE-407F-AA79-46726C54F4A9}.Ad-Hoc|Any CPU.ActiveCfg = Release|Any CPU
		{AF7679D0-A9DE-407F-AA79-46726C54F4A9}.Ad-Hoc|Any CPU.Build.0 = Release|Any CPU
		{AF7679D0-A9DE-407F-AA79-46726C54F4A9}.Ad-Hoc|iPhone.ActiveCfg = Debug|Any CPU
		{AF7679D0-A9DE-407F-AA79-46726C54F4A9}.Ad-Hoc|iPhone.Build.0 = Debug|Any CPU
		{AF7679D0-A9DE-407F-AA79-46726C54F4A9}.Ad-Hoc|iPhoneSimulator.ActiveCfg = Release|Any CPU
		{AF7679D0-A9DE-407F-AA79-46726C54F4A9}.AppStore|Any CPU.ActiveCfg = Release|Any CPU
		{AF7679D0-A9DE-407F-AA79-46726C54F4A9}.AppStore|Any CPU.Build.0 = Release|Any CPU
		{AF7679D0-A9DE-407F-AA79-46726C54F4A9}.AppStore|iPhone.ActiveCfg = Debug|Any CPU
		{AF7679D0-A9DE-407F-AA79-46726C54F4A9}.AppStore|iPhone.Build.0 = Debug|Any CPU
		{AF7679D0-A9DE-407F-AA79-46726C54F4A9}.AppStore|iPhoneSimulator.ActiveCfg = Release|Any CPU
		{AF7679D0-A9DE-407F-AA79-46726C54F4A9}.Debug|Any CPU.ActiveCfg = Debug|Any CPU
		{AF7679D0-A9DE-407F-AA79-46726C54F4A9}.Debug|Any CPU.Build.0 = Debug|Any CPU
		{AF7679D0-A9DE-407F-AA79-46726C54F4A9}.Debug|iPhone.ActiveCfg = Debug|Any CPU
		{AF7679D0-A9DE-407F-AA79-46726C54F4A9}.Debug|iPhone.Build.0 = Debug|Any CPU
		{AF7679D0-A9DE-407F-AA79-46726C54F4A9}.Debug|iPhoneSimulator.ActiveCfg = Debug|Any CPU
		{AF7679D0-A9DE-407F-AA79-46726C54F4A9}.Debug|iPhoneSimulator.Build.0 = Debug|Any CPU
		{AF7679D0-A9DE-407F-AA79-46726C54F4A9}.Default|Any CPU.ActiveCfg = Debug|Any CPU
		{AF7679D0-A9DE-407F-AA79-46726C54F4A9}.Default|Any CPU.Build.0 = Debug|Any CPU
		{AF7679D0-A9DE-407F-AA79-46726C54F4A9}.Default|iPhone.ActiveCfg = Debug|Any CPU
		{AF7679D0-A9DE-407F-AA79-46726C54F4A9}.Default|iPhoneSimulator.ActiveCfg = Debug|Any CPU
		{AF7679D0-A9DE-407F-AA79-46726C54F4A9}.Release|Any CPU.ActiveCfg = Release|Any CPU
		{AF7679D0-A9DE-407F-AA79-46726C54F4A9}.Release|Any CPU.Build.0 = Release|Any CPU
		{AF7679D0-A9DE-407F-AA79-46726C54F4A9}.Release|iPhone.ActiveCfg = Release|Any CPU
		{AF7679D0-A9DE-407F-AA79-46726C54F4A9}.Release|iPhone.Build.0 = Release|Any CPU
		{AF7679D0-A9DE-407F-AA79-46726C54F4A9}.Release|iPhoneSimulator.ActiveCfg = Release|Any CPU
		{AF7679D0-A9DE-407F-AA79-46726C54F4A9}.Release|iPhoneSimulator.Build.0 = Release|Any CPU
		{B564F8F1-CFC0-4109-834D-1777A9BA5706}.Ad-Hoc|Any CPU.ActiveCfg = Release|Any CPU
		{B564F8F1-CFC0-4109-834D-1777A9BA5706}.Ad-Hoc|iPhone.ActiveCfg = Debug|Any CPU
		{B564F8F1-CFC0-4109-834D-1777A9BA5706}.Ad-Hoc|iPhone.Build.0 = Debug|Any CPU
		{B564F8F1-CFC0-4109-834D-1777A9BA5706}.Ad-Hoc|iPhoneSimulator.ActiveCfg = Release|Any CPU
		{B564F8F1-CFC0-4109-834D-1777A9BA5706}.AppStore|Any CPU.ActiveCfg = Release|Any CPU
		{B564F8F1-CFC0-4109-834D-1777A9BA5706}.AppStore|iPhone.ActiveCfg = Debug|Any CPU
		{B564F8F1-CFC0-4109-834D-1777A9BA5706}.AppStore|iPhone.Build.0 = Debug|Any CPU
		{B564F8F1-CFC0-4109-834D-1777A9BA5706}.AppStore|iPhoneSimulator.ActiveCfg = Release|Any CPU
		{B564F8F1-CFC0-4109-834D-1777A9BA5706}.Debug|Any CPU.ActiveCfg = Debug|Any CPU
		{B564F8F1-CFC0-4109-834D-1777A9BA5706}.Debug|Any CPU.Build.0 = Debug|Any CPU
		{B564F8F1-CFC0-4109-834D-1777A9BA5706}.Debug|iPhone.ActiveCfg = Debug|Any CPU
		{B564F8F1-CFC0-4109-834D-1777A9BA5706}.Debug|iPhone.Build.0 = Debug|Any CPU
		{B564F8F1-CFC0-4109-834D-1777A9BA5706}.Debug|iPhoneSimulator.ActiveCfg = Debug|Any CPU
		{B564F8F1-CFC0-4109-834D-1777A9BA5706}.Debug|iPhoneSimulator.Build.0 = Debug|Any CPU
		{B564F8F1-CFC0-4109-834D-1777A9BA5706}.Default|Any CPU.ActiveCfg = Debug|Any CPU
		{B564F8F1-CFC0-4109-834D-1777A9BA5706}.Default|Any CPU.Build.0 = Debug|Any CPU
		{B564F8F1-CFC0-4109-834D-1777A9BA5706}.Default|iPhone.ActiveCfg = Debug|Any CPU
		{B564F8F1-CFC0-4109-834D-1777A9BA5706}.Default|iPhoneSimulator.ActiveCfg = Debug|Any CPU
		{B564F8F1-CFC0-4109-834D-1777A9BA5706}.Release|Any CPU.ActiveCfg = Release|Any CPU
		{B564F8F1-CFC0-4109-834D-1777A9BA5706}.Release|Any CPU.Build.0 = Release|Any CPU
		{B564F8F1-CFC0-4109-834D-1777A9BA5706}.Release|iPhone.ActiveCfg = Release|Any CPU
		{B564F8F1-CFC0-4109-834D-1777A9BA5706}.Release|iPhone.Build.0 = Release|Any CPU
		{B564F8F1-CFC0-4109-834D-1777A9BA5706}.Release|iPhoneSimulator.ActiveCfg = Release|Any CPU
		{B564F8F1-CFC0-4109-834D-1777A9BA5706}.Release|iPhoneSimulator.Build.0 = Release|Any CPU
		{C39A8E5D-9878-4197-9AA1-495C598CA036}.Ad-Hoc|Any CPU.ActiveCfg = Release|Any CPU
		{C39A8E5D-9878-4197-9AA1-495C598CA036}.Ad-Hoc|Any CPU.Build.0 = Release|Any CPU
		{C39A8E5D-9878-4197-9AA1-495C598CA036}.Ad-Hoc|iPhone.ActiveCfg = Debug|Any CPU
		{C39A8E5D-9878-4197-9AA1-495C598CA036}.Ad-Hoc|iPhone.Build.0 = Debug|Any CPU
		{C39A8E5D-9878-4197-9AA1-495C598CA036}.Ad-Hoc|iPhoneSimulator.ActiveCfg = Release|Any CPU
		{C39A8E5D-9878-4197-9AA1-495C598CA036}.Ad-Hoc|iPhoneSimulator.Build.0 = Release|Any CPU
		{C39A8E5D-9878-4197-9AA1-495C598CA036}.AppStore|Any CPU.ActiveCfg = Release|Any CPU
		{C39A8E5D-9878-4197-9AA1-495C598CA036}.AppStore|Any CPU.Build.0 = Release|Any CPU
		{C39A8E5D-9878-4197-9AA1-495C598CA036}.AppStore|iPhone.ActiveCfg = Debug|Any CPU
		{C39A8E5D-9878-4197-9AA1-495C598CA036}.AppStore|iPhone.Build.0 = Debug|Any CPU
		{C39A8E5D-9878-4197-9AA1-495C598CA036}.AppStore|iPhoneSimulator.ActiveCfg = Release|Any CPU
		{C39A8E5D-9878-4197-9AA1-495C598CA036}.AppStore|iPhoneSimulator.Build.0 = Release|Any CPU
		{C39A8E5D-9878-4197-9AA1-495C598CA036}.Debug|Any CPU.ActiveCfg = Debug|Any CPU
		{C39A8E5D-9878-4197-9AA1-495C598CA036}.Debug|Any CPU.Build.0 = Debug|Any CPU
		{C39A8E5D-9878-4197-9AA1-495C598CA036}.Debug|iPhone.ActiveCfg = Debug|Any CPU
		{C39A8E5D-9878-4197-9AA1-495C598CA036}.Debug|iPhone.Build.0 = Debug|Any CPU
		{C39A8E5D-9878-4197-9AA1-495C598CA036}.Debug|iPhoneSimulator.ActiveCfg = Debug|Any CPU
		{C39A8E5D-9878-4197-9AA1-495C598CA036}.Debug|iPhoneSimulator.Build.0 = Debug|Any CPU
		{C39A8E5D-9878-4197-9AA1-495C598CA036}.Default|Any CPU.ActiveCfg = Debug|Any CPU
		{C39A8E5D-9878-4197-9AA1-495C598CA036}.Default|Any CPU.Build.0 = Debug|Any CPU
		{C39A8E5D-9878-4197-9AA1-495C598CA036}.Default|iPhone.ActiveCfg = Debug|Any CPU
		{C39A8E5D-9878-4197-9AA1-495C598CA036}.Default|iPhone.Build.0 = Debug|Any CPU
		{C39A8E5D-9878-4197-9AA1-495C598CA036}.Default|iPhoneSimulator.ActiveCfg = Debug|Any CPU
		{C39A8E5D-9878-4197-9AA1-495C598CA036}.Default|iPhoneSimulator.Build.0 = Debug|Any CPU
		{C39A8E5D-9878-4197-9AA1-495C598CA036}.Release|Any CPU.ActiveCfg = Release|Any CPU
		{C39A8E5D-9878-4197-9AA1-495C598CA036}.Release|Any CPU.Build.0 = Release|Any CPU
		{C39A8E5D-9878-4197-9AA1-495C598CA036}.Release|iPhone.ActiveCfg = Release|Any CPU
		{C39A8E5D-9878-4197-9AA1-495C598CA036}.Release|iPhone.Build.0 = Release|Any CPU
		{C39A8E5D-9878-4197-9AA1-495C598CA036}.Release|iPhoneSimulator.ActiveCfg = Release|Any CPU
		{C39A8E5D-9878-4197-9AA1-495C598CA036}.Release|iPhoneSimulator.Build.0 = Release|Any CPU
=======
	EndGlobalSection
	GlobalSection(SolutionProperties) = preSolution
		HideSolutionNode = FALSE
>>>>>>> dd5551ae1b193364952b47be49b505ba158ab6dc
	EndGlobalSection
	GlobalSection(NestedProjects) = preSolution
		{9DDDE951-7DB6-43CA-A603-8A4384AEEA5E} = {35F8BF07-ECB3-438C-84B7-ACF67847700E}
		{0C10E109-E52F-478C-8C9D-D5733CF12E98} = {35F8BF07-ECB3-438C-84B7-ACF67847700E}
		{AF7679D0-A9DE-407F-AA79-46726C54F4A9} = {35F8BF07-ECB3-438C-84B7-ACF67847700E}
		{19804015-C118-4438-9DB8-90E904F26840} = {35F8BF07-ECB3-438C-84B7-ACF67847700E}
		{C39A8E5D-9878-4197-9AA1-495C598CA036} = {35F8BF07-ECB3-438C-84B7-ACF67847700E}
		{B564F8F1-CFC0-4109-834D-1777A9BA5706} = {35F8BF07-ECB3-438C-84B7-ACF67847700E}
		{3296F3DE-89D1-4B00-8031-E17A62AFD039} = {35F8BF07-ECB3-438C-84B7-ACF67847700E}
		{8A37FDCD-551D-4BEB-9F85-8542A1485F84} = {35F8BF07-ECB3-438C-84B7-ACF67847700E}
		{ACF10DC9-CAA4-4A24-884E-A0EEFB221F95} = {05BDF4B4-02A5-407A-AAF2-87DE3AAFBBB7}
		{00DD8DB4-E43F-4F0B-A1BE-B970E5BA9235} = {05BDF4B4-02A5-407A-AAF2-87DE3AAFBBB7}
		{3E68EA85-423E-4FBA-A702-F02C0ECBC2FC} = {ACF10DC9-CAA4-4A24-884E-A0EEFB221F95}
		{2E02DDCB-C2E6-470F-92D5-A9811CEFF743} = {ACF10DC9-CAA4-4A24-884E-A0EEFB221F95}
		{2CF6D888-9DA2-4D32-A96D-6002F0FFED19} = {ACF10DC9-CAA4-4A24-884E-A0EEFB221F95}
		{52EDFDF7-47AA-4B86-9D4B-D324D18E7201} = {00DD8DB4-E43F-4F0B-A1BE-B970E5BA9235}
		{81DED26B-9521-40C7-B4F2-86B877CB550E} = {00DD8DB4-E43F-4F0B-A1BE-B970E5BA9235}
	EndGlobalSection
	GlobalSection(MonoDevelopProperties) = preSolution
		StartupItem = PiggySync.Common\PiggySync.Common.csproj
		Policies = $0
		$0.DotNetNamingPolicy = $1
		$1.DirectoryNamespaceAssociation = None
		$1.ResourceNamePolicy = FileFormatDefault
		$0.StandardHeader = $2
		$2.Text = 
		$2.IncludeInNewFiles = True
		$0.NameConventionPolicy = $3
		$3.Rules = $4
		$4.NamingRule = $24
		$5.Name = Namespaces
		$5.AffectedEntity = Namespace
		$5.VisibilityMask = VisibilityMask
		$5.NamingStyle = PascalCase
		$5.IncludeInstanceMembers = True
		$5.IncludeStaticEntities = True
		$6.Name = Types
		$6.AffectedEntity = Class, Struct, Enum, Delegate
		$6.VisibilityMask = Public
		$6.NamingStyle = PascalCase
		$6.IncludeInstanceMembers = True
		$6.IncludeStaticEntities = True
		$7.Name = Interfaces
		$7.RequiredPrefixes = $8
		$8.String = I
		$7.AffectedEntity = Interface
		$7.VisibilityMask = Public
		$7.NamingStyle = PascalCase
		$7.IncludeInstanceMembers = True
		$7.IncludeStaticEntities = True
		$9.Name = Attributes
		$9.RequiredSuffixes = $10
		$10.String = Attribute
		$9.AffectedEntity = CustomAttributes
		$9.VisibilityMask = Public
		$9.NamingStyle = PascalCase
		$9.IncludeInstanceMembers = True
		$9.IncludeStaticEntities = True
		$11.Name = Event Arguments
		$11.RequiredSuffixes = $12
		$12.String = EventArgs
		$11.AffectedEntity = CustomEventArgs
		$11.VisibilityMask = Public
		$11.NamingStyle = PascalCase
		$11.IncludeInstanceMembers = True
		$11.IncludeStaticEntities = True
		$13.Name = Exceptions
		$13.RequiredSuffixes = $14
		$14.String = Exception
		$13.AffectedEntity = CustomExceptions
		$13.VisibilityMask = VisibilityMask
		$13.NamingStyle = PascalCase
		$13.IncludeInstanceMembers = True
		$13.IncludeStaticEntities = True
		$15.Name = Methods
		$15.AffectedEntity = Methods
		$15.VisibilityMask = Protected, Public
		$15.NamingStyle = PascalCase
		$15.IncludeInstanceMembers = True
		$15.IncludeStaticEntities = True
		$16.Name = Static Readonly Fields
		$16.AffectedEntity = ReadonlyField
		$16.VisibilityMask = Protected, Public
		$16.NamingStyle = PascalCase
		$16.IncludeInstanceMembers = False
		$16.IncludeStaticEntities = True
		$17.Name = Fields
		$17.AffectedEntity = Field
		$17.VisibilityMask = Protected, Public
		$17.NamingStyle = PascalCase
		$17.IncludeInstanceMembers = True
		$17.IncludeStaticEntities = True
		$18.Name = ReadOnly Fields
		$18.AffectedEntity = ReadonlyField
		$18.VisibilityMask = Protected, Public
		$18.NamingStyle = PascalCase
		$18.IncludeInstanceMembers = True
		$18.IncludeStaticEntities = False
		$19.Name = Constant Fields
		$19.AffectedEntity = ConstantField
		$19.VisibilityMask = Protected, Public
		$19.NamingStyle = PascalCase
		$19.IncludeInstanceMembers = True
		$19.IncludeStaticEntities = True
		$20.Name = Properties
		$20.AffectedEntity = Property
		$20.VisibilityMask = Protected, Public
		$20.NamingStyle = PascalCase
		$20.IncludeInstanceMembers = True
		$20.IncludeStaticEntities = True
		$21.Name = Events
		$21.AffectedEntity = Event
		$21.VisibilityMask = Protected, Public
		$21.NamingStyle = PascalCase
		$21.IncludeInstanceMembers = True
		$21.IncludeStaticEntities = True
		$22.Name = Enum Members
		$22.AffectedEntity = EnumMember
		$22.VisibilityMask = VisibilityMask
		$22.NamingStyle = PascalCase
		$22.IncludeInstanceMembers = True
		$22.IncludeStaticEntities = True
		$23.Name = Parameters
		$23.AffectedEntity = Parameter
		$23.VisibilityMask = VisibilityMask
		$23.NamingStyle = CamelCase
		$23.IncludeInstanceMembers = True
		$23.IncludeStaticEntities = True
		$24.Name = Type Parameters
		$24.RequiredPrefixes = $25
		$25.String = T
		$24.AffectedEntity = TypeParameter
		$24.VisibilityMask = VisibilityMask
		$24.NamingStyle = PascalCase
		$24.IncludeInstanceMembers = True
		$24.IncludeStaticEntities = True
		$0.VersionControlPolicy = $26
		$26.inheritsSet = Mono
		version = 0.5
	EndGlobalSection
EndGlobal
